PODS:
  - Alamofire (4.5.0)
  - BNRCoreDataStack (2.2.1)
  - FBAnnotationClustering (0.2.2)
  - GeoJSONSerialization (0.0.4)

DEPENDENCIES:
  - Alamofire
  - BNRCoreDataStack
  - FBAnnotationClustering
  - GeoJSONSerialization

SPEC CHECKSUMS:
  Alamofire: f28cdffd29de33a7bfa022cbd63ae95a27fae140
  BNRCoreDataStack: 7919a8c27691681c6ca0650b2757292eeba6d14a
  FBAnnotationClustering: 0fb150b264030ca72f7c182c94473dd769e9c43a
  GeoJSONSerialization: 55a3d24fe9af26508e3af76873114b39b13ba479

PODFILE CHECKSUM: 4e7c86a05f7933211b5a267b88d423628a2d22a8

COCOAPODS: 1.2.1
