PODS:
  - Alamofire (4.4.0)
  - BNRCoreDataStack (2.1.0)
  - FBAnnotationClusteringSwift (1.0.1)
  - GeoJSONSerialization (0.0.4)

DEPENDENCIES:
  - Alamofire
  - BNRCoreDataStack
  - FBAnnotationClusteringSwift
  - GeoJSONSerialization

SPEC CHECKSUMS:
  Alamofire: dc44b1600b800eb63da6a19039a0083d62a6a62d
  BNRCoreDataStack: 4b7f6f89bbb715a21e334e626eadc62f6f9389eb
  FBAnnotationClusteringSwift: a1f4c07f5472b13acd69de04c61e68e2d7daaad3
  GeoJSONSerialization: 55a3d24fe9af26508e3af76873114b39b13ba479

PODFILE CHECKSUM: 758f0a8527094df571fa175f295ad7f406d08c83

COCOAPODS: 1.2.0
