// !$*UTF8*$!
{
	archiveVersion = 1;
	classes = {
	};
	objectVersion = 46;
	objects = {

/* Begin PBXBuildFile section */
		275C09050BC0012DFE4C1ED8 /* Pods_StreetTreesPersistentKit.framework in Frameworks */ = {isa = PBXBuildFile; fileRef = AE4118E20C8179A55E6D51D8 /* Pods_StreetTreesPersistentKit.framework */; };
		52256F541D033548004D8CE2 /* STTreeAnnotation.swift in Sources */ = {isa = PBXBuildFile; fileRef = 52256F531D033548004D8CE2 /* STTreeAnnotation.swift */; };
		5DDC17931D0341A700AA272B /* STTKDownloadManager.swift in Sources */ = {isa = PBXBuildFile; fileRef = 5DDC17921D0341A700AA272B /* STTKDownloadManager.swift */; };
		5DDC17971D034D0500AA272B /* STTKStreetTree.swift in Sources */ = {isa = PBXBuildFile; fileRef = 5DDC17961D034D0500AA272B /* STTKStreetTree.swift */; };
		5DDC17991D0356F100AA272B /* STFKStreetTreeDateFormatter.swift in Sources */ = {isa = PBXBuildFile; fileRef = 5DDC17981D0356F100AA272B /* STFKStreetTreeDateFormatter.swift */; };
		5DDC179B1D0361F900AA272B /* testData.json in Resources */ = {isa = PBXBuildFile; fileRef = 5DDC179A1D0361F900AA272B /* testData.json */; };
		5E9DA0FBBB7E98A718C6CF6A /* Pods_Street_Trees.framework in Frameworks */ = {isa = PBXBuildFile; fileRef = 0DE51CCF4B54761A302C2257 /* Pods_Street_Trees.framework */; };
		86D6DE6CBAE5DECF03482A74 /* Pods_Street_TreesTests.framework in Frameworks */ = {isa = PBXBuildFile; fileRef = EEC9D16C6101E934CDFBAD25 /* Pods_Street_TreesTests.framework */; };
		8C4A7EA500E11D3B3E97AAA9 /* Pods_Street_TreesUITests.framework in Frameworks */ = {isa = PBXBuildFile; fileRef = AFC11FEDF17AAED97B48F6AB /* Pods_Street_TreesUITests.framework */; };
		D41424AC1D3AD11200863B38 /* STTKWufooRequest.swift in Sources */ = {isa = PBXBuildFile; fileRef = D41424AB1D3AD11200863B38 /* STTKWufooRequest.swift */; };
		D420E37B1D1729A0007E23C8 /* STPKTreeDescription+CoreDataProperties.swift in Sources */ = {isa = PBXBuildFile; fileRef = D420E3791D1729A0007E23C8 /* STPKTreeDescription+CoreDataProperties.swift */; };
		D420E37C1D1729A0007E23C8 /* STPKTreeDescription.swift in Sources */ = {isa = PBXBuildFile; fileRef = D420E37A1D1729A0007E23C8 /* STPKTreeDescription.swift */; };
		D420E3861D1731EC007E23C8 /* STPKManageObject.swift in Sources */ = {isa = PBXBuildFile; fileRef = D420E3851D1731EC007E23C8 /* STPKManageObject.swift */; };
		D420E3881D1738BE007E23C8 /* STTKTreeDescription.swift in Sources */ = {isa = PBXBuildFile; fileRef = D420E3871D1738BE007E23C8 /* STTKTreeDescription.swift */; };
		D420E3891D174C60007E23C8 /* STPKCoreData.swift in Sources */ = {isa = PBXBuildFile; fileRef = D4B543711D03445B0000CBFF /* STPKCoreData.swift */; };
		D420E38B1D176C30007E23C8 /* Trees.xcassets in Resources */ = {isa = PBXBuildFile; fileRef = D420E38A1D176C30007E23C8 /* Trees.xcassets */; };
		D443A52F1D984C11008F60DE /* STFKLocationRequest.swift in Sources */ = {isa = PBXBuildFile; fileRef = D443A52E1D984C11008F60DE /* STFKLocationRequest.swift */; };
		D453A5421D983D0E008BE29F /* STAddressFormViewController.swift in Sources */ = {isa = PBXBuildFile; fileRef = D453A5411D983D0E008BE29F /* STAddressFormViewController.swift */; };
		D45B02CC1DA174EE007D1A02 /* STSelectTreeViewController.swift in Sources */ = {isa = PBXBuildFile; fileRef = D45B02CB1DA174EE007D1A02 /* STSelectTreeViewController.swift */; };
		D45B02CE1DA17B82007D1A02 /* STTreeCollectionViewCell.swift in Sources */ = {isa = PBXBuildFile; fileRef = D45B02CD1DA17B82007D1A02 /* STTreeCollectionViewCell.swift */; };
		D45B02D01DA1931C007D1A02 /* STCenterCellFlowLayout.swift in Sources */ = {isa = PBXBuildFile; fileRef = D45B02CF1DA1931C007D1A02 /* STCenterCellFlowLayout.swift */; };
		D45EB76B1DB272D3006F23F2 /* OrderForm.storyboard in Resources */ = {isa = PBXBuildFile; fileRef = D45EB76A1DB272D3006F23F2 /* OrderForm.storyboard */; };
		D45EB76D1DB285F9006F23F2 /* STOrderFormNavigationViewController.swift in Sources */ = {isa = PBXBuildFile; fileRef = D45EB76C1DB285F9006F23F2 /* STOrderFormNavigationViewController.swift */; };
		D45EB76F1DB29ECC006F23F2 /* ContactProtocol.swift in Sources */ = {isa = PBXBuildFile; fileRef = D45EB76E1DB29ECC006F23F2 /* ContactProtocol.swift */; };
		D45EB7711DB29ED6006F23F2 /* AddressProtocol.swift in Sources */ = {isa = PBXBuildFile; fileRef = D45EB7701DB29ED6006F23F2 /* AddressProtocol.swift */; };
		D45EB7741DB29F53006F23F2 /* TreeDescriptionProtocol.swift in Sources */ = {isa = PBXBuildFile; fileRef = D45EB7731DB29F53006F23F2 /* TreeDescriptionProtocol.swift */; };
		D45F07431D0258320025F8F0 /* AppDelegate.swift in Sources */ = {isa = PBXBuildFile; fileRef = D45F07421D0258320025F8F0 /* AppDelegate.swift */; };
		D45F07451D0258320025F8F0 /* STTreeMapViewController.swift in Sources */ = {isa = PBXBuildFile; fileRef = D45F07441D0258320025F8F0 /* STTreeMapViewController.swift */; };
		D45F07481D0258320025F8F0 /* Main.storyboard in Resources */ = {isa = PBXBuildFile; fileRef = D45F07461D0258320025F8F0 /* Main.storyboard */; };
		D45F074D1D0258320025F8F0 /* Assets.xcassets in Resources */ = {isa = PBXBuildFile; fileRef = D45F074C1D0258320025F8F0 /* Assets.xcassets */; };
		D45F07501D0258320025F8F0 /* LaunchScreen.storyboard in Resources */ = {isa = PBXBuildFile; fileRef = D45F074E1D0258320025F8F0 /* LaunchScreen.storyboard */; };
		D45F075B1D0258320025F8F0 /* Street_TreesTests.swift in Sources */ = {isa = PBXBuildFile; fileRef = D45F075A1D0258320025F8F0 /* Street_TreesTests.swift */; };
		D45F07661D0258320025F8F0 /* Street_TreesUITests.swift in Sources */ = {isa = PBXBuildFile; fileRef = D45F07651D0258320025F8F0 /* Street_TreesUITests.swift */; };
		D45F07741D025E610025F8F0 /* MapKit.framework in Frameworks */ = {isa = PBXBuildFile; fileRef = D45F07731D025E610025F8F0 /* MapKit.framework */; };
		D45F077E1D0260B00025F8F0 /* StreetTreesTransportKit.h in Headers */ = {isa = PBXBuildFile; fileRef = D45F077D1D0260B00025F8F0 /* StreetTreesTransportKit.h */; settings = {ATTRIBUTES = (Public, ); }; };
		D45F07851D0260B00025F8F0 /* StreetTreesTransportKit.framework in Frameworks */ = {isa = PBXBuildFile; fileRef = D45F077B1D0260B00025F8F0 /* StreetTreesTransportKit.framework */; };
		D45F078C1D0260B00025F8F0 /* StreetTreesTransportKitTests.swift in Sources */ = {isa = PBXBuildFile; fileRef = D45F078B1D0260B00025F8F0 /* StreetTreesTransportKitTests.swift */; };
		D45F07901D0260B00025F8F0 /* StreetTreesTransportKit.framework in Frameworks */ = {isa = PBXBuildFile; fileRef = D45F077B1D0260B00025F8F0 /* StreetTreesTransportKit.framework */; };
		D45F07911D0260B00025F8F0 /* StreetTreesTransportKit.framework in Embed Frameworks */ = {isa = PBXBuildFile; fileRef = D45F077B1D0260B00025F8F0 /* StreetTreesTransportKit.framework */; settings = {ATTRIBUTES = (CodeSignOnCopy, RemoveHeadersOnCopy, ); }; };
		D45F07A81D0260CA0025F8F0 /* StreetTreesPersistentKit.framework in Frameworks */ = {isa = PBXBuildFile; fileRef = D45F079E1D0260CA0025F8F0 /* StreetTreesPersistentKit.framework */; };
		D45F07AF1D0260CA0025F8F0 /* StreetTreesPersistentKitTests.swift in Sources */ = {isa = PBXBuildFile; fileRef = D45F07AE1D0260CA0025F8F0 /* StreetTreesPersistentKitTests.swift */; };
		D45F07B31D0260CA0025F8F0 /* StreetTreesPersistentKit.framework in Frameworks */ = {isa = PBXBuildFile; fileRef = D45F079E1D0260CA0025F8F0 /* StreetTreesPersistentKit.framework */; };
		D45F07B41D0260CA0025F8F0 /* StreetTreesPersistentKit.framework in Embed Frameworks */ = {isa = PBXBuildFile; fileRef = D45F079E1D0260CA0025F8F0 /* StreetTreesPersistentKit.framework */; settings = {ATTRIBUTES = (CodeSignOnCopy, RemoveHeadersOnCopy, ); }; };
		D45F07D21D02614A0025F8F0 /* StreetTreesFoundationKit.framework in Frameworks */ = {isa = PBXBuildFile; fileRef = D45F07C81D02614A0025F8F0 /* StreetTreesFoundationKit.framework */; };
		D45F07D91D02614A0025F8F0 /* StreetTreesFoundationKitTests.swift in Sources */ = {isa = PBXBuildFile; fileRef = D45F07D81D02614A0025F8F0 /* StreetTreesFoundationKitTests.swift */; };
		D45F07DD1D02614A0025F8F0 /* StreetTreesFoundationKit.framework in Frameworks */ = {isa = PBXBuildFile; fileRef = D45F07C81D02614A0025F8F0 /* StreetTreesFoundationKit.framework */; };
		D45F07DE1D02614A0025F8F0 /* StreetTreesFoundationKit.framework in Embed Frameworks */ = {isa = PBXBuildFile; fileRef = D45F07C81D02614A0025F8F0 /* StreetTreesFoundationKit.framework */; settings = {ATTRIBUTES = (CodeSignOnCopy, RemoveHeadersOnCopy, ); }; };
		D46D99581D2005ED0038617B /* TreeDetails.storyboard in Resources */ = {isa = PBXBuildFile; fileRef = D46D99571D2005ED0038617B /* TreeDetails.storyboard */; };
		D46D995B1D20068F0038617B /* StoryboardSegueIdentifiers.swift in Sources */ = {isa = PBXBuildFile; fileRef = D46D995A1D20068F0038617B /* StoryboardSegueIdentifiers.swift */; };
		D46D995D1D20251A0038617B /* STTreeDetailsTableViewController.swift in Sources */ = {isa = PBXBuildFile; fileRef = D46D995C1D20251A0038617B /* STTreeDetailsTableViewController.swift */; };
		D47C01FD1D985FC700104ED6 /* STFKMapSnapshot.swift in Sources */ = {isa = PBXBuildFile; fileRef = D47C01FC1D985FC700104ED6 /* STFKMapSnapshot.swift */; };
		D49B11661D3BD50200449612 /* STFKDictionaryExtension.swift in Sources */ = {isa = PBXBuildFile; fileRef = D49B11651D3BD50200449612 /* STFKDictionaryExtension.swift */; };
		D49B11681D3BD6E900449612 /* STTKContact.swift in Sources */ = {isa = PBXBuildFile; fileRef = D49B11671D3BD6E900449612 /* STTKContact.swift */; };
		D49B116B1D3BD71600449612 /* STTKStreetAddress.swift in Sources */ = {isa = PBXBuildFile; fileRef = D49B116A1D3BD71600449612 /* STTKStreetAddress.swift */; };
		D49B116D1D3BD79E00449612 /* STTKWufooForm.swift in Sources */ = {isa = PBXBuildFile; fileRef = D49B116C1D3BD79E00449612 /* STTKWufooForm.swift */; };
		D4A6F7511D9FFF8A003F6EEE /* STUserDetailsFormViewController.swift in Sources */ = {isa = PBXBuildFile; fileRef = D4A6F7501D9FFF8A003F6EEE /* STUserDetailsFormViewController.swift */; };
		D4AADE4C1D2C880C00481FD0 /* InitializerStoryboard.storyboard in Resources */ = {isa = PBXBuildFile; fileRef = D4AADE4B1D2C880C00481FD0 /* InitializerStoryboard.storyboard */; };
		D4AADE4E1D2C886D00481FD0 /* STInitialViewController.swift in Sources */ = {isa = PBXBuildFile; fileRef = D4AADE4D1D2C886D00481FD0 /* STInitialViewController.swift */; };
		D4B543581D0322BB0000CBFF /* STPKModel.xcdatamodeld in Sources */ = {isa = PBXBuildFile; fileRef = D4B543561D0322BB0000CBFF /* STPKModel.xcdatamodeld */; };
		D4B543621D0326440000CBFF /* STPKCoreDataStack.swift in Sources */ = {isa = PBXBuildFile; fileRef = D4B543611D0326440000CBFF /* STPKCoreDataStack.swift */; };
		D4B543661D0326690000CBFF /* CoreData.framework in Frameworks */ = {isa = PBXBuildFile; fileRef = D4B543641D0326690000CBFF /* CoreData.framework */; };
		D4B5436C1D032D020000CBFF /* STPKTree.swift in Sources */ = {isa = PBXBuildFile; fileRef = D4B5436A1D032D020000CBFF /* STPKTree.swift */; };
		D4DD29481D426EB200ABDDBB /* STPKTree+CoreDataProperties.swift in Sources */ = {isa = PBXBuildFile; fileRef = D4DD29471D426EB200ABDDBB /* STPKTree+CoreDataProperties.swift */; };
		D4EE1FDB1D2B3EDC007E6C01 /* STPKUser+CoreDataProperties.swift in Sources */ = {isa = PBXBuildFile; fileRef = D4EE1FD91D2B3EDC007E6C01 /* STPKUser+CoreDataProperties.swift */; };
		D4EE1FDC1D2B3EDC007E6C01 /* STPKUser.swift in Sources */ = {isa = PBXBuildFile; fileRef = D4EE1FDA1D2B3EDC007E6C01 /* STPKUser.swift */; };
		D4EE1FE01D2BF79A007E6C01 /* UIViewControllerExtension.swift in Sources */ = {isa = PBXBuildFile; fileRef = D4EE1FDF1D2BF79A007E6C01 /* UIViewControllerExtension.swift */; };
		D4EE1FE21D2BF7FE007E6C01 /* UIColorExtension.swift in Sources */ = {isa = PBXBuildFile; fileRef = D4EE1FE11D2BF7FE007E6C01 /* UIColorExtension.swift */; };
		D4F030291D46E3A400E936DD /* BNRCoreDataStack.framework in Frameworks */ = {isa = PBXBuildFile; fileRef = D4B543631D0326690000CBFF /* BNRCoreDataStack.framework */; };
		D4F0302A1D46E3AB00E936DD /* StreetTreesFoundationKit.framework in Frameworks */ = {isa = PBXBuildFile; fileRef = D45F07C81D02614A0025F8F0 /* StreetTreesFoundationKit.framework */; };
		D4F0302B1D46E3B800E936DD /* Alamofire.framework in Frameworks */ = {isa = PBXBuildFile; fileRef = D4B5436D1D0339C50000CBFF /* Alamofire.framework */; };
		D4F0302C1D46E3BF00E936DD /* StreetTreesFoundationKit.framework in Frameworks */ = {isa = PBXBuildFile; fileRef = D45F07C81D02614A0025F8F0 /* StreetTreesFoundationKit.framework */; };
		D4F0302D1D46E43F00E936DD /* StreetTreesPersistentKit.h in Headers */ = {isa = PBXBuildFile; fileRef = D45F07A01D0260CA0025F8F0 /* StreetTreesPersistentKit.h */; settings = {ATTRIBUTES = (Public, ); }; };
		D4F0302E1D46E44C00E936DD /* StreetTreesFoundationKit.h in Headers */ = {isa = PBXBuildFile; fileRef = D45F07CA1D02614A0025F8F0 /* StreetTreesFoundationKit.h */; settings = {ATTRIBUTES = (Public, ); }; };
		E6DCA1C698E3D7CCF1C0FB8D /* Pods_StreetTreesTransportKit.framework in Frameworks */ = {isa = PBXBuildFile; fileRef = 0FF19B3753F5DFC594325A6D /* Pods_StreetTreesTransportKit.framework */; };
		EB615CC71DB5519F004F6547 /*  ConfirmationPage.storyboard in Resources */ = {isa = PBXBuildFile; fileRef = EB615CC61DB5519F004F6547 /*  ConfirmationPage.storyboard */; };
/* End PBXBuildFile section */

/* Begin PBXContainerItemProxy section */
		D45F07571D0258320025F8F0 /* PBXContainerItemProxy */ = {
			isa = PBXContainerItemProxy;
			containerPortal = D45F07371D0258320025F8F0 /* Project object */;
			proxyType = 1;
			remoteGlobalIDString = D45F073E1D0258320025F8F0;
			remoteInfo = "Street Trees";
		};
		D45F07621D0258320025F8F0 /* PBXContainerItemProxy */ = {
			isa = PBXContainerItemProxy;
			containerPortal = D45F07371D0258320025F8F0 /* Project object */;
			proxyType = 1;
			remoteGlobalIDString = D45F073E1D0258320025F8F0;
			remoteInfo = "Street Trees";
		};
		D45F07861D0260B00025F8F0 /* PBXContainerItemProxy */ = {
			isa = PBXContainerItemProxy;
			containerPortal = D45F07371D0258320025F8F0 /* Project object */;
			proxyType = 1;
			remoteGlobalIDString = D45F077A1D0260B00025F8F0;
			remoteInfo = StreetTreesTransportKit;
		};
		D45F07881D0260B00025F8F0 /* PBXContainerItemProxy */ = {
			isa = PBXContainerItemProxy;
			containerPortal = D45F07371D0258320025F8F0 /* Project object */;
			proxyType = 1;
			remoteGlobalIDString = D45F073E1D0258320025F8F0;
			remoteInfo = "Street Trees";
		};
		D45F078E1D0260B00025F8F0 /* PBXContainerItemProxy */ = {
			isa = PBXContainerItemProxy;
			containerPortal = D45F07371D0258320025F8F0 /* Project object */;
			proxyType = 1;
			remoteGlobalIDString = D45F077A1D0260B00025F8F0;
			remoteInfo = StreetTreesTransportKit;
		};
		D45F07A91D0260CA0025F8F0 /* PBXContainerItemProxy */ = {
			isa = PBXContainerItemProxy;
			containerPortal = D45F07371D0258320025F8F0 /* Project object */;
			proxyType = 1;
			remoteGlobalIDString = D45F079D1D0260CA0025F8F0;
			remoteInfo = StreetTreesPersistentKit;
		};
		D45F07AB1D0260CA0025F8F0 /* PBXContainerItemProxy */ = {
			isa = PBXContainerItemProxy;
			containerPortal = D45F07371D0258320025F8F0 /* Project object */;
			proxyType = 1;
			remoteGlobalIDString = D45F073E1D0258320025F8F0;
			remoteInfo = "Street Trees";
		};
		D45F07B11D0260CA0025F8F0 /* PBXContainerItemProxy */ = {
			isa = PBXContainerItemProxy;
			containerPortal = D45F07371D0258320025F8F0 /* Project object */;
			proxyType = 1;
			remoteGlobalIDString = D45F079D1D0260CA0025F8F0;
			remoteInfo = StreetTreesPersistentKit;
		};
		D45F07D31D02614A0025F8F0 /* PBXContainerItemProxy */ = {
			isa = PBXContainerItemProxy;
			containerPortal = D45F07371D0258320025F8F0 /* Project object */;
			proxyType = 1;
			remoteGlobalIDString = D45F07C71D02614A0025F8F0;
			remoteInfo = StreetTreesFoundationKit;
		};
		D45F07D51D02614A0025F8F0 /* PBXContainerItemProxy */ = {
			isa = PBXContainerItemProxy;
			containerPortal = D45F07371D0258320025F8F0 /* Project object */;
			proxyType = 1;
			remoteGlobalIDString = D45F073E1D0258320025F8F0;
			remoteInfo = "Street Trees";
		};
		D45F07DB1D02614A0025F8F0 /* PBXContainerItemProxy */ = {
			isa = PBXContainerItemProxy;
			containerPortal = D45F07371D0258320025F8F0 /* Project object */;
			proxyType = 1;
			remoteGlobalIDString = D45F07C71D02614A0025F8F0;
			remoteInfo = StreetTreesFoundationKit;
		};
/* End PBXContainerItemProxy section */

/* Begin PBXCopyFilesBuildPhase section */
		D45F07951D0260B00025F8F0 /* Embed Frameworks */ = {
			isa = PBXCopyFilesBuildPhase;
			buildActionMask = 2147483647;
			dstPath = "";
			dstSubfolderSpec = 10;
			files = (
				D45F07911D0260B00025F8F0 /* StreetTreesTransportKit.framework in Embed Frameworks */,
				D45F07B41D0260CA0025F8F0 /* StreetTreesPersistentKit.framework in Embed Frameworks */,
				D45F07DE1D02614A0025F8F0 /* StreetTreesFoundationKit.framework in Embed Frameworks */,
			);
			name = "Embed Frameworks";
			runOnlyForDeploymentPostprocessing = 0;
		};
/* End PBXCopyFilesBuildPhase section */

/* Begin PBXFileReference section */
		0A3EC10F2DFA698DE606D33D /* Pods-Street TreesUITests.debug.xcconfig */ = {isa = PBXFileReference; includeInIndex = 1; lastKnownFileType = text.xcconfig; name = "Pods-Street TreesUITests.debug.xcconfig"; path = "Pods/Target Support Files/Pods-Street TreesUITests/Pods-Street TreesUITests.debug.xcconfig"; sourceTree = "<group>"; };
		0DE51CCF4B54761A302C2257 /* Pods_Street_Trees.framework */ = {isa = PBXFileReference; explicitFileType = wrapper.framework; includeInIndex = 0; path = Pods_Street_Trees.framework; sourceTree = BUILT_PRODUCTS_DIR; };
		0FF19B3753F5DFC594325A6D /* Pods_StreetTreesTransportKit.framework */ = {isa = PBXFileReference; explicitFileType = wrapper.framework; includeInIndex = 0; path = Pods_StreetTreesTransportKit.framework; sourceTree = BUILT_PRODUCTS_DIR; };
		15C5927810031360042582FA /* Pods-StreetTreesPersistentKit.debug.xcconfig */ = {isa = PBXFileReference; includeInIndex = 1; lastKnownFileType = text.xcconfig; name = "Pods-StreetTreesPersistentKit.debug.xcconfig"; path = "Pods/Target Support Files/Pods-StreetTreesPersistentKit/Pods-StreetTreesPersistentKit.debug.xcconfig"; sourceTree = "<group>"; };
		34CB28C14A60486A2B8237D0 /* Pods-StreetTreesTransportKit.debug.xcconfig */ = {isa = PBXFileReference; includeInIndex = 1; lastKnownFileType = text.xcconfig; name = "Pods-StreetTreesTransportKit.debug.xcconfig"; path = "Pods/Target Support Files/Pods-StreetTreesTransportKit/Pods-StreetTreesTransportKit.debug.xcconfig"; sourceTree = "<group>"; };
		3C0CAF633664DD81E6A9A497 /* Pods-Street Trees.release.xcconfig */ = {isa = PBXFileReference; includeInIndex = 1; lastKnownFileType = text.xcconfig; name = "Pods-Street Trees.release.xcconfig"; path = "Pods/Target Support Files/Pods-Street Trees/Pods-Street Trees.release.xcconfig"; sourceTree = "<group>"; };
		52256F531D033548004D8CE2 /* STTreeAnnotation.swift */ = {isa = PBXFileReference; fileEncoding = 4; lastKnownFileType = sourcecode.swift; path = STTreeAnnotation.swift; sourceTree = "<group>"; };
		56223885A3A51162063690CD /* Pods-Street TreesTests.release.xcconfig */ = {isa = PBXFileReference; includeInIndex = 1; lastKnownFileType = text.xcconfig; name = "Pods-Street TreesTests.release.xcconfig"; path = "Pods/Target Support Files/Pods-Street TreesTests/Pods-Street TreesTests.release.xcconfig"; sourceTree = "<group>"; };
		5B9A1506190A4DBC6EC775E9 /* Pods-Street Trees.debug.xcconfig */ = {isa = PBXFileReference; includeInIndex = 1; lastKnownFileType = text.xcconfig; name = "Pods-Street Trees.debug.xcconfig"; path = "Pods/Target Support Files/Pods-Street Trees/Pods-Street Trees.debug.xcconfig"; sourceTree = "<group>"; };
		5DDC17921D0341A700AA272B /* STTKDownloadManager.swift */ = {isa = PBXFileReference; fileEncoding = 4; lastKnownFileType = sourcecode.swift; path = STTKDownloadManager.swift; sourceTree = "<group>"; };
		5DDC17961D034D0500AA272B /* STTKStreetTree.swift */ = {isa = PBXFileReference; fileEncoding = 4; lastKnownFileType = sourcecode.swift; path = STTKStreetTree.swift; sourceTree = "<group>"; };
		5DDC17981D0356F100AA272B /* STFKStreetTreeDateFormatter.swift */ = {isa = PBXFileReference; fileEncoding = 4; lastKnownFileType = sourcecode.swift; path = STFKStreetTreeDateFormatter.swift; sourceTree = "<group>"; };
		5DDC179A1D0361F900AA272B /* testData.json */ = {isa = PBXFileReference; fileEncoding = 4; lastKnownFileType = text.json; path = testData.json; sourceTree = "<group>"; };
		5F1E7920CFA2E680E79137CB /* Pods-StreetTreesTransportKit.release.xcconfig */ = {isa = PBXFileReference; includeInIndex = 1; lastKnownFileType = text.xcconfig; name = "Pods-StreetTreesTransportKit.release.xcconfig"; path = "Pods/Target Support Files/Pods-StreetTreesTransportKit/Pods-StreetTreesTransportKit.release.xcconfig"; sourceTree = "<group>"; };
		6659AA8C1972A25EB391AA0F /* Pods-StreetTreesPersistentKit.release.xcconfig */ = {isa = PBXFileReference; includeInIndex = 1; lastKnownFileType = text.xcconfig; name = "Pods-StreetTreesPersistentKit.release.xcconfig"; path = "Pods/Target Support Files/Pods-StreetTreesPersistentKit/Pods-StreetTreesPersistentKit.release.xcconfig"; sourceTree = "<group>"; };
		72B854701F0BC5911AD4E241 /* Pods-Street TreesUITests.release.xcconfig */ = {isa = PBXFileReference; includeInIndex = 1; lastKnownFileType = text.xcconfig; name = "Pods-Street TreesUITests.release.xcconfig"; path = "Pods/Target Support Files/Pods-Street TreesUITests/Pods-Street TreesUITests.release.xcconfig"; sourceTree = "<group>"; };
		AE4118E20C8179A55E6D51D8 /* Pods_StreetTreesPersistentKit.framework */ = {isa = PBXFileReference; explicitFileType = wrapper.framework; includeInIndex = 0; path = Pods_StreetTreesPersistentKit.framework; sourceTree = BUILT_PRODUCTS_DIR; };
		AFC11FEDF17AAED97B48F6AB /* Pods_Street_TreesUITests.framework */ = {isa = PBXFileReference; explicitFileType = wrapper.framework; includeInIndex = 0; path = Pods_Street_TreesUITests.framework; sourceTree = BUILT_PRODUCTS_DIR; };
		C79001BAD9DDDD01AFF193CE /* Pods-Street TreesTests.debug.xcconfig */ = {isa = PBXFileReference; includeInIndex = 1; lastKnownFileType = text.xcconfig; name = "Pods-Street TreesTests.debug.xcconfig"; path = "Pods/Target Support Files/Pods-Street TreesTests/Pods-Street TreesTests.debug.xcconfig"; sourceTree = "<group>"; };
		D41424AB1D3AD11200863B38 /* STTKWufooRequest.swift */ = {isa = PBXFileReference; fileEncoding = 4; lastKnownFileType = sourcecode.swift; path = STTKWufooRequest.swift; sourceTree = "<group>"; };
		D420E3791D1729A0007E23C8 /* STPKTreeDescription+CoreDataProperties.swift */ = {isa = PBXFileReference; fileEncoding = 4; lastKnownFileType = sourcecode.swift; path = "STPKTreeDescription+CoreDataProperties.swift"; sourceTree = "<group>"; };
		D420E37A1D1729A0007E23C8 /* STPKTreeDescription.swift */ = {isa = PBXFileReference; fileEncoding = 4; lastKnownFileType = sourcecode.swift; path = STPKTreeDescription.swift; sourceTree = "<group>"; };
		D420E3851D1731EC007E23C8 /* STPKManageObject.swift */ = {isa = PBXFileReference; fileEncoding = 4; lastKnownFileType = sourcecode.swift; path = STPKManageObject.swift; sourceTree = "<group>"; };
		D420E3871D1738BE007E23C8 /* STTKTreeDescription.swift */ = {isa = PBXFileReference; fileEncoding = 4; lastKnownFileType = sourcecode.swift; path = STTKTreeDescription.swift; sourceTree = "<group>"; };
		D420E38A1D176C30007E23C8 /* Trees.xcassets */ = {isa = PBXFileReference; lastKnownFileType = folder.assetcatalog; path = Trees.xcassets; sourceTree = "<group>"; };
		D443A52E1D984C11008F60DE /* STFKLocationRequest.swift */ = {isa = PBXFileReference; fileEncoding = 4; lastKnownFileType = sourcecode.swift; path = STFKLocationRequest.swift; sourceTree = "<group>"; };
		D453A5411D983D0E008BE29F /* STAddressFormViewController.swift */ = {isa = PBXFileReference; fileEncoding = 4; lastKnownFileType = sourcecode.swift; path = STAddressFormViewController.swift; sourceTree = "<group>"; };
		D45B02CB1DA174EE007D1A02 /* STSelectTreeViewController.swift */ = {isa = PBXFileReference; fileEncoding = 4; lastKnownFileType = sourcecode.swift; path = STSelectTreeViewController.swift; sourceTree = "<group>"; };
		D45B02CD1DA17B82007D1A02 /* STTreeCollectionViewCell.swift */ = {isa = PBXFileReference; fileEncoding = 4; lastKnownFileType = sourcecode.swift; path = STTreeCollectionViewCell.swift; sourceTree = "<group>"; };
		D45B02CF1DA1931C007D1A02 /* STCenterCellFlowLayout.swift */ = {isa = PBXFileReference; fileEncoding = 4; lastKnownFileType = sourcecode.swift; path = STCenterCellFlowLayout.swift; sourceTree = "<group>"; };
		D45EB76A1DB272D3006F23F2 /* OrderForm.storyboard */ = {isa = PBXFileReference; fileEncoding = 4; lastKnownFileType = file.storyboard; path = OrderForm.storyboard; sourceTree = "<group>"; };
		D45EB76C1DB285F9006F23F2 /* STOrderFormNavigationViewController.swift */ = {isa = PBXFileReference; fileEncoding = 4; lastKnownFileType = sourcecode.swift; path = STOrderFormNavigationViewController.swift; sourceTree = "<group>"; };
		D45EB76E1DB29ECC006F23F2 /* ContactProtocol.swift */ = {isa = PBXFileReference; fileEncoding = 4; lastKnownFileType = sourcecode.swift; path = ContactProtocol.swift; sourceTree = "<group>"; };
		D45EB7701DB29ED6006F23F2 /* AddressProtocol.swift */ = {isa = PBXFileReference; fileEncoding = 4; lastKnownFileType = sourcecode.swift; path = AddressProtocol.swift; sourceTree = "<group>"; };
		D45EB7731DB29F53006F23F2 /* TreeDescriptionProtocol.swift */ = {isa = PBXFileReference; fileEncoding = 4; lastKnownFileType = sourcecode.swift; path = TreeDescriptionProtocol.swift; sourceTree = "<group>"; };
		D45F073F1D0258320025F8F0 /* Street Trees.app */ = {isa = PBXFileReference; explicitFileType = wrapper.application; includeInIndex = 0; path = "Street Trees.app"; sourceTree = BUILT_PRODUCTS_DIR; };
		D45F07421D0258320025F8F0 /* AppDelegate.swift */ = {isa = PBXFileReference; lastKnownFileType = sourcecode.swift; path = AppDelegate.swift; sourceTree = "<group>"; };
		D45F07441D0258320025F8F0 /* STTreeMapViewController.swift */ = {isa = PBXFileReference; lastKnownFileType = sourcecode.swift; path = STTreeMapViewController.swift; sourceTree = "<group>"; };
		D45F07471D0258320025F8F0 /* Base */ = {isa = PBXFileReference; lastKnownFileType = file.storyboard; name = Base; path = Base.lproj/Main.storyboard; sourceTree = "<group>"; };
		D45F074C1D0258320025F8F0 /* Assets.xcassets */ = {isa = PBXFileReference; lastKnownFileType = folder.assetcatalog; path = Assets.xcassets; sourceTree = "<group>"; };
		D45F074F1D0258320025F8F0 /* Base */ = {isa = PBXFileReference; lastKnownFileType = file.storyboard; name = Base; path = Base.lproj/LaunchScreen.storyboard; sourceTree = "<group>"; };
		D45F07511D0258320025F8F0 /* Info.plist */ = {isa = PBXFileReference; lastKnownFileType = text.plist.xml; path = Info.plist; sourceTree = "<group>"; };
		D45F07561D0258320025F8F0 /* Street TreesTests.xctest */ = {isa = PBXFileReference; explicitFileType = wrapper.cfbundle; includeInIndex = 0; path = "Street TreesTests.xctest"; sourceTree = BUILT_PRODUCTS_DIR; };
		D45F075A1D0258320025F8F0 /* Street_TreesTests.swift */ = {isa = PBXFileReference; lastKnownFileType = sourcecode.swift; path = Street_TreesTests.swift; sourceTree = "<group>"; };
		D45F075C1D0258320025F8F0 /* Info.plist */ = {isa = PBXFileReference; lastKnownFileType = text.plist.xml; path = Info.plist; sourceTree = "<group>"; };
		D45F07611D0258320025F8F0 /* Street TreesUITests.xctest */ = {isa = PBXFileReference; explicitFileType = wrapper.cfbundle; includeInIndex = 0; path = "Street TreesUITests.xctest"; sourceTree = BUILT_PRODUCTS_DIR; };
		D45F07651D0258320025F8F0 /* Street_TreesUITests.swift */ = {isa = PBXFileReference; lastKnownFileType = sourcecode.swift; path = Street_TreesUITests.swift; sourceTree = "<group>"; };
		D45F07671D0258320025F8F0 /* Info.plist */ = {isa = PBXFileReference; lastKnownFileType = text.plist.xml; path = Info.plist; sourceTree = "<group>"; };
		D45F07731D025E610025F8F0 /* MapKit.framework */ = {isa = PBXFileReference; lastKnownFileType = wrapper.framework; name = MapKit.framework; path = System/Library/Frameworks/MapKit.framework; sourceTree = SDKROOT; };
		D45F077B1D0260B00025F8F0 /* StreetTreesTransportKit.framework */ = {isa = PBXFileReference; explicitFileType = wrapper.framework; includeInIndex = 0; path = StreetTreesTransportKit.framework; sourceTree = BUILT_PRODUCTS_DIR; };
		D45F077D1D0260B00025F8F0 /* StreetTreesTransportKit.h */ = {isa = PBXFileReference; lastKnownFileType = sourcecode.c.h; path = StreetTreesTransportKit.h; sourceTree = "<group>"; };
		D45F077F1D0260B00025F8F0 /* Info.plist */ = {isa = PBXFileReference; lastKnownFileType = text.plist.xml; path = Info.plist; sourceTree = "<group>"; };
		D45F07841D0260B00025F8F0 /* StreetTreesTransportKitTests.xctest */ = {isa = PBXFileReference; explicitFileType = wrapper.cfbundle; includeInIndex = 0; path = StreetTreesTransportKitTests.xctest; sourceTree = BUILT_PRODUCTS_DIR; };
		D45F078B1D0260B00025F8F0 /* StreetTreesTransportKitTests.swift */ = {isa = PBXFileReference; lastKnownFileType = sourcecode.swift; path = StreetTreesTransportKitTests.swift; sourceTree = "<group>"; };
		D45F078D1D0260B00025F8F0 /* Info.plist */ = {isa = PBXFileReference; lastKnownFileType = text.plist.xml; path = Info.plist; sourceTree = "<group>"; };
		D45F079E1D0260CA0025F8F0 /* StreetTreesPersistentKit.framework */ = {isa = PBXFileReference; explicitFileType = wrapper.framework; includeInIndex = 0; path = StreetTreesPersistentKit.framework; sourceTree = BUILT_PRODUCTS_DIR; };
		D45F07A01D0260CA0025F8F0 /* StreetTreesPersistentKit.h */ = {isa = PBXFileReference; lastKnownFileType = sourcecode.c.h; path = StreetTreesPersistentKit.h; sourceTree = "<group>"; };
		D45F07A21D0260CA0025F8F0 /* Info.plist */ = {isa = PBXFileReference; lastKnownFileType = text.plist.xml; path = Info.plist; sourceTree = "<group>"; };
		D45F07A71D0260CA0025F8F0 /* StreetTreesPersistentKitTests.xctest */ = {isa = PBXFileReference; explicitFileType = wrapper.cfbundle; includeInIndex = 0; path = StreetTreesPersistentKitTests.xctest; sourceTree = BUILT_PRODUCTS_DIR; };
		D45F07AE1D0260CA0025F8F0 /* StreetTreesPersistentKitTests.swift */ = {isa = PBXFileReference; lastKnownFileType = sourcecode.swift; path = StreetTreesPersistentKitTests.swift; sourceTree = "<group>"; };
		D45F07B01D0260CA0025F8F0 /* Info.plist */ = {isa = PBXFileReference; lastKnownFileType = text.plist.xml; path = Info.plist; sourceTree = "<group>"; };
		D45F07C81D02614A0025F8F0 /* StreetTreesFoundationKit.framework */ = {isa = PBXFileReference; explicitFileType = wrapper.framework; includeInIndex = 0; path = StreetTreesFoundationKit.framework; sourceTree = BUILT_PRODUCTS_DIR; };
		D45F07CA1D02614A0025F8F0 /* StreetTreesFoundationKit.h */ = {isa = PBXFileReference; lastKnownFileType = sourcecode.c.h; path = StreetTreesFoundationKit.h; sourceTree = "<group>"; };
		D45F07CC1D02614A0025F8F0 /* Info.plist */ = {isa = PBXFileReference; lastKnownFileType = text.plist.xml; path = Info.plist; sourceTree = "<group>"; };
		D45F07D11D02614A0025F8F0 /* StreetTreesFoundationKitTests.xctest */ = {isa = PBXFileReference; explicitFileType = wrapper.cfbundle; includeInIndex = 0; path = StreetTreesFoundationKitTests.xctest; sourceTree = BUILT_PRODUCTS_DIR; };
		D45F07D81D02614A0025F8F0 /* StreetTreesFoundationKitTests.swift */ = {isa = PBXFileReference; lastKnownFileType = sourcecode.swift; path = StreetTreesFoundationKitTests.swift; sourceTree = "<group>"; };
		D45F07DA1D02614A0025F8F0 /* Info.plist */ = {isa = PBXFileReference; lastKnownFileType = text.plist.xml; path = Info.plist; sourceTree = "<group>"; };
		D46D99571D2005ED0038617B /* TreeDetails.storyboard */ = {isa = PBXFileReference; fileEncoding = 4; lastKnownFileType = file.storyboard; path = TreeDetails.storyboard; sourceTree = "<group>"; };
		D46D995A1D20068F0038617B /* StoryboardSegueIdentifiers.swift */ = {isa = PBXFileReference; fileEncoding = 4; lastKnownFileType = sourcecode.swift; path = StoryboardSegueIdentifiers.swift; sourceTree = "<group>"; };
		D46D995C1D20251A0038617B /* STTreeDetailsTableViewController.swift */ = {isa = PBXFileReference; fileEncoding = 4; lastKnownFileType = sourcecode.swift; path = STTreeDetailsTableViewController.swift; sourceTree = "<group>"; };
		D47C01FC1D985FC700104ED6 /* STFKMapSnapshot.swift */ = {isa = PBXFileReference; fileEncoding = 4; lastKnownFileType = sourcecode.swift; path = STFKMapSnapshot.swift; sourceTree = "<group>"; };
		D49B11641D3AE04000449612 /* MyPlayground.playground */ = {isa = PBXFileReference; lastKnownFileType = file.playground; path = MyPlayground.playground; sourceTree = "<group>"; };
		D49B11651D3BD50200449612 /* STFKDictionaryExtension.swift */ = {isa = PBXFileReference; fileEncoding = 4; lastKnownFileType = sourcecode.swift; path = STFKDictionaryExtension.swift; sourceTree = "<group>"; };
		D49B11671D3BD6E900449612 /* STTKContact.swift */ = {isa = PBXFileReference; fileEncoding = 4; lastKnownFileType = sourcecode.swift; path = STTKContact.swift; sourceTree = "<group>"; };
		D49B116A1D3BD71600449612 /* STTKStreetAddress.swift */ = {isa = PBXFileReference; fileEncoding = 4; lastKnownFileType = sourcecode.swift; path = STTKStreetAddress.swift; sourceTree = "<group>"; };
		D49B116C1D3BD79E00449612 /* STTKWufooForm.swift */ = {isa = PBXFileReference; fileEncoding = 4; lastKnownFileType = sourcecode.swift; path = STTKWufooForm.swift; sourceTree = "<group>"; };
		D4A6F7501D9FFF8A003F6EEE /* STUserDetailsFormViewController.swift */ = {isa = PBXFileReference; fileEncoding = 4; lastKnownFileType = sourcecode.swift; path = STUserDetailsFormViewController.swift; sourceTree = "<group>"; };
		D4AADE4B1D2C880C00481FD0 /* InitializerStoryboard.storyboard */ = {isa = PBXFileReference; fileEncoding = 4; lastKnownFileType = file.storyboard; path = InitializerStoryboard.storyboard; sourceTree = "<group>"; };
		D4AADE4D1D2C886D00481FD0 /* STInitialViewController.swift */ = {isa = PBXFileReference; fileEncoding = 4; lastKnownFileType = sourcecode.swift; path = STInitialViewController.swift; sourceTree = "<group>"; };
		D4B543571D0322BB0000CBFF /* STPKModel.xcdatamodel */ = {isa = PBXFileReference; lastKnownFileType = wrapper.xcdatamodel; path = STPKModel.xcdatamodel; sourceTree = "<group>"; };
		D4B543611D0326440000CBFF /* STPKCoreDataStack.swift */ = {isa = PBXFileReference; fileEncoding = 4; lastKnownFileType = sourcecode.swift; path = STPKCoreDataStack.swift; sourceTree = "<group>"; };
		D4B543631D0326690000CBFF /* BNRCoreDataStack.framework */ = {isa = PBXFileReference; lastKnownFileType = wrapper.framework; name = BNRCoreDataStack.framework; path = "../../../Library/Developer/Xcode/DerivedData/Street_Trees-dmyahyozksacllaehqxolnnibfxo/Build/Products/Debug-iphonesimulator/BNRCoreDataStack.framework"; sourceTree = "<group>"; };
		D4B543641D0326690000CBFF /* CoreData.framework */ = {isa = PBXFileReference; lastKnownFileType = wrapper.framework; name = CoreData.framework; path = System/Library/Frameworks/CoreData.framework; sourceTree = SDKROOT; };
		D4B5436A1D032D020000CBFF /* STPKTree.swift */ = {isa = PBXFileReference; fileEncoding = 4; lastKnownFileType = sourcecode.swift; path = STPKTree.swift; sourceTree = "<group>"; };
		D4B5436D1D0339C50000CBFF /* Alamofire.framework */ = {isa = PBXFileReference; lastKnownFileType = wrapper.framework; name = Alamofire.framework; path = "../../../Library/Developer/Xcode/DerivedData/Street_Trees-dmyahyozksacllaehqxolnnibfxo/Build/Products/Debug-iphonesimulator/Alamofire.framework"; sourceTree = "<group>"; };
		D4B543711D03445B0000CBFF /* STPKCoreData.swift */ = {isa = PBXFileReference; fileEncoding = 4; lastKnownFileType = sourcecode.swift; name = STPKCoreData.swift; path = "../Street Trees/STPKCoreData.swift"; sourceTree = "<group>"; };
		D4DD29471D426EB200ABDDBB /* STPKTree+CoreDataProperties.swift */ = {isa = PBXFileReference; fileEncoding = 4; lastKnownFileType = sourcecode.swift; path = "STPKTree+CoreDataProperties.swift"; sourceTree = "<group>"; };
		D4EE1FD91D2B3EDC007E6C01 /* STPKUser+CoreDataProperties.swift */ = {isa = PBXFileReference; fileEncoding = 4; lastKnownFileType = sourcecode.swift; path = "STPKUser+CoreDataProperties.swift"; sourceTree = "<group>"; };
		D4EE1FDA1D2B3EDC007E6C01 /* STPKUser.swift */ = {isa = PBXFileReference; fileEncoding = 4; lastKnownFileType = sourcecode.swift; path = STPKUser.swift; sourceTree = "<group>"; };
		D4EE1FDF1D2BF79A007E6C01 /* UIViewControllerExtension.swift */ = {isa = PBXFileReference; fileEncoding = 4; lastKnownFileType = sourcecode.swift; path = UIViewControllerExtension.swift; sourceTree = "<group>"; };
		D4EE1FE11D2BF7FE007E6C01 /* UIColorExtension.swift */ = {isa = PBXFileReference; fileEncoding = 4; lastKnownFileType = sourcecode.swift; path = UIColorExtension.swift; sourceTree = "<group>"; };
		EB615CC61DB5519F004F6547 /*  ConfirmationPage.storyboard */ = {isa = PBXFileReference; fileEncoding = 4; lastKnownFileType = file.storyboard; path = " ConfirmationPage.storyboard"; sourceTree = "<group>"; };
		EEC9D16C6101E934CDFBAD25 /* Pods_Street_TreesTests.framework */ = {isa = PBXFileReference; explicitFileType = wrapper.framework; includeInIndex = 0; path = Pods_Street_TreesTests.framework; sourceTree = BUILT_PRODUCTS_DIR; };
/* End PBXFileReference section */

/* Begin PBXFrameworksBuildPhase section */
		D45F073C1D0258320025F8F0 /* Frameworks */ = {
			isa = PBXFrameworksBuildPhase;
			buildActionMask = 2147483647;
			files = (
				D45F07B31D0260CA0025F8F0 /* StreetTreesPersistentKit.framework in Frameworks */,
				D45F07901D0260B00025F8F0 /* StreetTreesTransportKit.framework in Frameworks */,
				D45F07741D025E610025F8F0 /* MapKit.framework in Frameworks */,
				D45F07DD1D02614A0025F8F0 /* StreetTreesFoundationKit.framework in Frameworks */,
				5E9DA0FBBB7E98A718C6CF6A /* Pods_Street_Trees.framework in Frameworks */,
			);
			runOnlyForDeploymentPostprocessing = 0;
		};
		D45F07531D0258320025F8F0 /* Frameworks */ = {
			isa = PBXFrameworksBuildPhase;
			buildActionMask = 2147483647;
			files = (
				86D6DE6CBAE5DECF03482A74 /* Pods_Street_TreesTests.framework in Frameworks */,
			);
			runOnlyForDeploymentPostprocessing = 0;
		};
		D45F075E1D0258320025F8F0 /* Frameworks */ = {
			isa = PBXFrameworksBuildPhase;
			buildActionMask = 2147483647;
			files = (
				8C4A7EA500E11D3B3E97AAA9 /* Pods_Street_TreesUITests.framework in Frameworks */,
			);
			runOnlyForDeploymentPostprocessing = 0;
		};
		D45F07771D0260B00025F8F0 /* Frameworks */ = {
			isa = PBXFrameworksBuildPhase;
			buildActionMask = 2147483647;
			files = (
				D4F0302C1D46E3BF00E936DD /* StreetTreesFoundationKit.framework in Frameworks */,
				D4F0302B1D46E3B800E936DD /* Alamofire.framework in Frameworks */,
				E6DCA1C698E3D7CCF1C0FB8D /* Pods_StreetTreesTransportKit.framework in Frameworks */,
			);
			runOnlyForDeploymentPostprocessing = 0;
		};
		D45F07811D0260B00025F8F0 /* Frameworks */ = {
			isa = PBXFrameworksBuildPhase;
			buildActionMask = 2147483647;
			files = (
				D45F07851D0260B00025F8F0 /* StreetTreesTransportKit.framework in Frameworks */,
			);
			runOnlyForDeploymentPostprocessing = 0;
		};
		D45F079A1D0260CA0025F8F0 /* Frameworks */ = {
			isa = PBXFrameworksBuildPhase;
			buildActionMask = 2147483647;
			files = (
				D4F0302A1D46E3AB00E936DD /* StreetTreesFoundationKit.framework in Frameworks */,
				D4F030291D46E3A400E936DD /* BNRCoreDataStack.framework in Frameworks */,
				D4B543661D0326690000CBFF /* CoreData.framework in Frameworks */,
				275C09050BC0012DFE4C1ED8 /* Pods_StreetTreesPersistentKit.framework in Frameworks */,
			);
			runOnlyForDeploymentPostprocessing = 0;
		};
		D45F07A41D0260CA0025F8F0 /* Frameworks */ = {
			isa = PBXFrameworksBuildPhase;
			buildActionMask = 2147483647;
			files = (
				D45F07A81D0260CA0025F8F0 /* StreetTreesPersistentKit.framework in Frameworks */,
			);
			runOnlyForDeploymentPostprocessing = 0;
		};
		D45F07C41D02614A0025F8F0 /* Frameworks */ = {
			isa = PBXFrameworksBuildPhase;
			buildActionMask = 2147483647;
			files = (
			);
			runOnlyForDeploymentPostprocessing = 0;
		};
		D45F07CE1D02614A0025F8F0 /* Frameworks */ = {
			isa = PBXFrameworksBuildPhase;
			buildActionMask = 2147483647;
			files = (
				D45F07D21D02614A0025F8F0 /* StreetTreesFoundationKit.framework in Frameworks */,
			);
			runOnlyForDeploymentPostprocessing = 0;
		};
/* End PBXFrameworksBuildPhase section */

/* Begin PBXGroup section */
		3DD04DFC10A3C37F063A3E82 /* Pods */ = {
			isa = PBXGroup;
			children = (
				5B9A1506190A4DBC6EC775E9 /* Pods-Street Trees.debug.xcconfig */,
				3C0CAF633664DD81E6A9A497 /* Pods-Street Trees.release.xcconfig */,
				C79001BAD9DDDD01AFF193CE /* Pods-Street TreesTests.debug.xcconfig */,
				56223885A3A51162063690CD /* Pods-Street TreesTests.release.xcconfig */,
				0A3EC10F2DFA698DE606D33D /* Pods-Street TreesUITests.debug.xcconfig */,
				72B854701F0BC5911AD4E241 /* Pods-Street TreesUITests.release.xcconfig */,
				15C5927810031360042582FA /* Pods-StreetTreesPersistentKit.debug.xcconfig */,
				6659AA8C1972A25EB391AA0F /* Pods-StreetTreesPersistentKit.release.xcconfig */,
				34CB28C14A60486A2B8237D0 /* Pods-StreetTreesTransportKit.debug.xcconfig */,
				5F1E7920CFA2E680E79137CB /* Pods-StreetTreesTransportKit.release.xcconfig */,
			);
			name = Pods;
			sourceTree = "<group>";
		};
		D453A5401D983CEE008BE29F /* Form */ = {
			isa = PBXGroup;
			children = (
				D453A5411D983D0E008BE29F /* STAddressFormViewController.swift */,
				D4A6F7501D9FFF8A003F6EEE /* STUserDetailsFormViewController.swift */,
				D45B02CB1DA174EE007D1A02 /* STSelectTreeViewController.swift */,
				D45EB76C1DB285F9006F23F2 /* STOrderFormNavigationViewController.swift */,
				D45B02CD1DA17B82007D1A02 /* STTreeCollectionViewCell.swift */,
				D45B02CF1DA1931C007D1A02 /* STCenterCellFlowLayout.swift */,
			);
			name = Form;
			sourceTree = "<group>";
		};
		D45EB7721DB29EDA006F23F2 /* Protocols */ = {
			isa = PBXGroup;
			children = (
				D45EB7701DB29ED6006F23F2 /* AddressProtocol.swift */,
				D45EB76E1DB29ECC006F23F2 /* ContactProtocol.swift */,
			);
			name = Protocols;
			sourceTree = "<group>";
		};
		D45EB7751DB2BD79006F23F2 /* Protocols */ = {
			isa = PBXGroup;
			children = (
				D45EB7731DB29F53006F23F2 /* TreeDescriptionProtocol.swift */,
			);
			name = Protocols;
			sourceTree = "<group>";
		};
		D45F07361D0258320025F8F0 = {
			isa = PBXGroup;
			children = (
				D45F07751D0260100025F8F0 /* Frameworks */,
				D45F07411D0258320025F8F0 /* Street Trees */,
				D45F07591D0258320025F8F0 /* Street TreesTests */,
				D45F07641D0258320025F8F0 /* Street TreesUITests */,
				D45F077C1D0260B00025F8F0 /* StreetTreesTransportKit */,
				D45F078A1D0260B00025F8F0 /* StreetTreesTransportKitTests */,
				D45F079F1D0260CA0025F8F0 /* StreetTreesPersistentKit */,
				D45F07AD1D0260CA0025F8F0 /* StreetTreesPersistentKitTests */,
				D45F07C91D02614A0025F8F0 /* StreetTreesFoundationKit */,
				D45F07D71D02614A0025F8F0 /* StreetTreesFoundationKitTests */,
				D45F07401D0258320025F8F0 /* Products */,
				3DD04DFC10A3C37F063A3E82 /* Pods */,
			);
			sourceTree = "<group>";
		};
		D45F07401D0258320025F8F0 /* Products */ = {
			isa = PBXGroup;
			children = (
				D45F073F1D0258320025F8F0 /* Street Trees.app */,
				D45F07561D0258320025F8F0 /* Street TreesTests.xctest */,
				D45F07611D0258320025F8F0 /* Street TreesUITests.xctest */,
				D45F077B1D0260B00025F8F0 /* StreetTreesTransportKit.framework */,
				D45F07841D0260B00025F8F0 /* StreetTreesTransportKitTests.xctest */,
				D45F079E1D0260CA0025F8F0 /* StreetTreesPersistentKit.framework */,
				D45F07A71D0260CA0025F8F0 /* StreetTreesPersistentKitTests.xctest */,
				D45F07C81D02614A0025F8F0 /* StreetTreesFoundationKit.framework */,
				D45F07D11D02614A0025F8F0 /* StreetTreesFoundationKitTests.xctest */,
			);
			name = Products;
			sourceTree = "<group>";
		};
		D45F07411D0258320025F8F0 /* Street Trees */ = {
			isa = PBXGroup;
			children = (
				D45F07421D0258320025F8F0 /* AppDelegate.swift */,
				D49B11641D3AE04000449612 /* MyPlayground.playground */,
				D45F07441D0258320025F8F0 /* STTreeMapViewController.swift */,
				D46D995C1D20251A0038617B /* STTreeDetailsTableViewController.swift */,
				D4AADE4D1D2C886D00481FD0 /* STInitialViewController.swift */,
				D46D995A1D20068F0038617B /* StoryboardSegueIdentifiers.swift */,
				D453A5401D983CEE008BE29F /* Form */,
				D46D99591D2005F20038617B /* Storyboards */,
				D45F074C1D0258320025F8F0 /* Assets.xcassets */,
				D45F074E1D0258320025F8F0 /* LaunchScreen.storyboard */,
				D45F07511D0258320025F8F0 /* Info.plist */,
				52256F531D033548004D8CE2 /* STTreeAnnotation.swift */,
			);
			path = "Street Trees";
			sourceTree = "<group>";
		};
		D45F07591D0258320025F8F0 /* Street TreesTests */ = {
			isa = PBXGroup;
			children = (
				D45F075A1D0258320025F8F0 /* Street_TreesTests.swift */,
				D45F075C1D0258320025F8F0 /* Info.plist */,
			);
			path = "Street TreesTests";
			sourceTree = "<group>";
		};
		D45F07641D0258320025F8F0 /* Street TreesUITests */ = {
			isa = PBXGroup;
			children = (
				D45F07651D0258320025F8F0 /* Street_TreesUITests.swift */,
				D45F07671D0258320025F8F0 /* Info.plist */,
			);
			path = "Street TreesUITests";
			sourceTree = "<group>";
		};
		D45F07751D0260100025F8F0 /* Frameworks */ = {
			isa = PBXGroup;
			children = (
				D4B5436D1D0339C50000CBFF /* Alamofire.framework */,
				D4B543631D0326690000CBFF /* BNRCoreDataStack.framework */,
				D4B543641D0326690000CBFF /* CoreData.framework */,
				D45F07731D025E610025F8F0 /* MapKit.framework */,
				0DE51CCF4B54761A302C2257 /* Pods_Street_Trees.framework */,
				EEC9D16C6101E934CDFBAD25 /* Pods_Street_TreesTests.framework */,
				AFC11FEDF17AAED97B48F6AB /* Pods_Street_TreesUITests.framework */,
				AE4118E20C8179A55E6D51D8 /* Pods_StreetTreesPersistentKit.framework */,
				0FF19B3753F5DFC594325A6D /* Pods_StreetTreesTransportKit.framework */,
			);
			name = Frameworks;
			sourceTree = "<group>";
		};
		D45F077C1D0260B00025F8F0 /* StreetTreesTransportKit */ = {
			isa = PBXGroup;
			children = (
				5DDC179A1D0361F900AA272B /* testData.json */,
				D45F077D1D0260B00025F8F0 /* StreetTreesTransportKit.h */,
				D45F077F1D0260B00025F8F0 /* Info.plist */,
				D49B11671D3BD6E900449612 /* STTKContact.swift */,
				5DDC17921D0341A700AA272B /* STTKDownloadManager.swift */,
				D49B116A1D3BD71600449612 /* STTKStreetAddress.swift */,
				5DDC17961D034D0500AA272B /* STTKStreetTree.swift */,
				D420E3871D1738BE007E23C8 /* STTKTreeDescription.swift */,
				D41424AB1D3AD11200863B38 /* STTKWufooRequest.swift */,
				D49B116C1D3BD79E00449612 /* STTKWufooForm.swift */,
				D45EB7721DB29EDA006F23F2 /* Protocols */,
			);
			path = StreetTreesTransportKit;
			sourceTree = "<group>";
		};
		D45F078A1D0260B00025F8F0 /* StreetTreesTransportKitTests */ = {
			isa = PBXGroup;
			children = (
				D45F078B1D0260B00025F8F0 /* StreetTreesTransportKitTests.swift */,
				D45F078D1D0260B00025F8F0 /* Info.plist */,
			);
			path = StreetTreesTransportKitTests;
			sourceTree = "<group>";
		};
		D45F079F1D0260CA0025F8F0 /* StreetTreesPersistentKit */ = {
			isa = PBXGroup;
			children = (
				D45F07A01D0260CA0025F8F0 /* StreetTreesPersistentKit.h */,
				D4B543561D0322BB0000CBFF /* STPKModel.xcdatamodeld */,
				D4B543711D03445B0000CBFF /* STPKCoreData.swift */,
				D4B543611D0326440000CBFF /* STPKCoreDataStack.swift */,
				D420E3851D1731EC007E23C8 /* STPKManageObject.swift */,
				D45EB7751DB2BD79006F23F2 /* Protocols */,
				D4B543681D032C820000CBFF /* Human */,
				D4B543671D032C630000CBFF /* Machine */,
				D45F07A21D0260CA0025F8F0 /* Info.plist */,
			);
			path = StreetTreesPersistentKit;
			sourceTree = "<group>";
		};
		D45F07AD1D0260CA0025F8F0 /* StreetTreesPersistentKitTests */ = {
			isa = PBXGroup;
			children = (
				D45F07AE1D0260CA0025F8F0 /* StreetTreesPersistentKitTests.swift */,
				D45F07B01D0260CA0025F8F0 /* Info.plist */,
			);
			path = StreetTreesPersistentKitTests;
			sourceTree = "<group>";
		};
		D45F07C91D02614A0025F8F0 /* StreetTreesFoundationKit */ = {
			isa = PBXGroup;
			children = (
				D45F07CA1D02614A0025F8F0 /* StreetTreesFoundationKit.h */,
				D45F07CC1D02614A0025F8F0 /* Info.plist */,
				5DDC17981D0356F100AA272B /* STFKStreetTreeDateFormatter.swift */,
				D4EE1FE11D2BF7FE007E6C01 /* UIColorExtension.swift */,
				D4EE1FDF1D2BF79A007E6C01 /* UIViewControllerExtension.swift */,
				D49B11651D3BD50200449612 /* STFKDictionaryExtension.swift */,
				D443A52E1D984C11008F60DE /* STFKLocationRequest.swift */,
				D47C01FC1D985FC700104ED6 /* STFKMapSnapshot.swift */,
			);
			path = StreetTreesFoundationKit;
			sourceTree = "<group>";
		};
		D45F07D71D02614A0025F8F0 /* StreetTreesFoundationKitTests */ = {
			isa = PBXGroup;
			children = (
				D45F07D81D02614A0025F8F0 /* StreetTreesFoundationKitTests.swift */,
				D45F07DA1D02614A0025F8F0 /* Info.plist */,
			);
			path = StreetTreesFoundationKitTests;
			sourceTree = "<group>";
		};
		D46D99591D2005F20038617B /* Storyboards */ = {
			isa = PBXGroup;
			children = (
				D45F07461D0258320025F8F0 /* Main.storyboard */,
				D4AADE4B1D2C880C00481FD0 /* InitializerStoryboard.storyboard */,
				D46D99571D2005ED0038617B /* TreeDetails.storyboard */,
				D45EB76A1DB272D3006F23F2 /* OrderForm.storyboard */,
				EB615CC61DB5519F004F6547 /*  ConfirmationPage.storyboard */,
			);
			name = Storyboards;
			sourceTree = "<group>";
		};
		D4B543671D032C630000CBFF /* Machine */ = {
			isa = PBXGroup;
			children = (
				D4DD29471D426EB200ABDDBB /* STPKTree+CoreDataProperties.swift */,
				D420E3791D1729A0007E23C8 /* STPKTreeDescription+CoreDataProperties.swift */,
				D4EE1FD91D2B3EDC007E6C01 /* STPKUser+CoreDataProperties.swift */,
			);
			name = Machine;
			sourceTree = "<group>";
		};
		D4B543681D032C820000CBFF /* Human */ = {
			isa = PBXGroup;
			children = (
				D4B5436A1D032D020000CBFF /* STPKTree.swift */,
				D420E37A1D1729A0007E23C8 /* STPKTreeDescription.swift */,
				D4EE1FDA1D2B3EDC007E6C01 /* STPKUser.swift */,
				D420E38A1D176C30007E23C8 /* Trees.xcassets */,
			);
			name = Human;
			sourceTree = "<group>";
		};
/* End PBXGroup section */

/* Begin PBXHeadersBuildPhase section */
		D45F07781D0260B00025F8F0 /* Headers */ = {
			isa = PBXHeadersBuildPhase;
			buildActionMask = 2147483647;
			files = (
				D45F077E1D0260B00025F8F0 /* StreetTreesTransportKit.h in Headers */,
			);
			runOnlyForDeploymentPostprocessing = 0;
		};
		D45F079B1D0260CA0025F8F0 /* Headers */ = {
			isa = PBXHeadersBuildPhase;
			buildActionMask = 2147483647;
			files = (
				D4F0302D1D46E43F00E936DD /* StreetTreesPersistentKit.h in Headers */,
			);
			runOnlyForDeploymentPostprocessing = 0;
		};
		D45F07C51D02614A0025F8F0 /* Headers */ = {
			isa = PBXHeadersBuildPhase;
			buildActionMask = 2147483647;
			files = (
				D4F0302E1D46E44C00E936DD /* StreetTreesFoundationKit.h in Headers */,
			);
			runOnlyForDeploymentPostprocessing = 0;
		};
/* End PBXHeadersBuildPhase section */

/* Begin PBXNativeTarget section */
		D45F073E1D0258320025F8F0 /* Street Trees */ = {
			isa = PBXNativeTarget;
			buildConfigurationList = D45F076A1D0258320025F8F0 /* Build configuration list for PBXNativeTarget "Street Trees" */;
			buildPhases = (
				DA06998ED4BB0A1AA02C6F0E /* [CP] Check Pods Manifest.lock */,
				D45F073B1D0258320025F8F0 /* Sources */,
				D45F073C1D0258320025F8F0 /* Frameworks */,
				D45F073D1D0258320025F8F0 /* Resources */,
				D45F07951D0260B00025F8F0 /* Embed Frameworks */,
				A8DA85A66E7D2CAB2F5CD33A /* [CP] Embed Pods Frameworks */,
				55A5F928F077DB9A98FF5374 /* [CP] Copy Pods Resources */,
			);
			buildRules = (
			);
			dependencies = (
				D45F078F1D0260B00025F8F0 /* PBXTargetDependency */,
				D45F07B21D0260CA0025F8F0 /* PBXTargetDependency */,
				D45F07DC1D02614A0025F8F0 /* PBXTargetDependency */,
			);
			name = "Street Trees";
			productName = "Street Trees";
			productReference = D45F073F1D0258320025F8F0 /* Street Trees.app */;
			productType = "com.apple.product-type.application";
		};
		D45F07551D0258320025F8F0 /* Street TreesTests */ = {
			isa = PBXNativeTarget;
			buildConfigurationList = D45F076D1D0258320025F8F0 /* Build configuration list for PBXNativeTarget "Street TreesTests" */;
			buildPhases = (
				7B53BA9C895348C007871061 /* [CP] Check Pods Manifest.lock */,
				D45F07521D0258320025F8F0 /* Sources */,
				D45F07531D0258320025F8F0 /* Frameworks */,
				D45F07541D0258320025F8F0 /* Resources */,
				7EFFE6EF5CDAEB35AF366C26 /* [CP] Embed Pods Frameworks */,
				499F74B501CF28BA2E2068AF /* [CP] Copy Pods Resources */,
			);
			buildRules = (
			);
			dependencies = (
				D45F07581D0258320025F8F0 /* PBXTargetDependency */,
			);
			name = "Street TreesTests";
			productName = "Street TreesTests";
			productReference = D45F07561D0258320025F8F0 /* Street TreesTests.xctest */;
			productType = "com.apple.product-type.bundle.unit-test";
		};
		D45F07601D0258320025F8F0 /* Street TreesUITests */ = {
			isa = PBXNativeTarget;
			buildConfigurationList = D45F07701D0258320025F8F0 /* Build configuration list for PBXNativeTarget "Street TreesUITests" */;
			buildPhases = (
				24FD54A59F3F7A8C1F829961 /* [CP] Check Pods Manifest.lock */,
				D45F075D1D0258320025F8F0 /* Sources */,
				D45F075E1D0258320025F8F0 /* Frameworks */,
				D45F075F1D0258320025F8F0 /* Resources */,
				564799D0B24D9CE09E30865E /* [CP] Copy Pods Resources */,
			);
			buildRules = (
			);
			dependencies = (
				D45F07631D0258320025F8F0 /* PBXTargetDependency */,
			);
			name = "Street TreesUITests";
			productName = "Street TreesUITests";
			productReference = D45F07611D0258320025F8F0 /* Street TreesUITests.xctest */;
			productType = "com.apple.product-type.bundle.ui-testing";
		};
		D45F077A1D0260B00025F8F0 /* StreetTreesTransportKit */ = {
			isa = PBXNativeTarget;
			buildConfigurationList = D45F07921D0260B00025F8F0 /* Build configuration list for PBXNativeTarget "StreetTreesTransportKit" */;
			buildPhases = (
				041B8B195F8EEB7854D142E0 /* [CP] Check Pods Manifest.lock */,
				D45F07761D0260B00025F8F0 /* Sources */,
				D45F07771D0260B00025F8F0 /* Frameworks */,
				D45F07781D0260B00025F8F0 /* Headers */,
				D45F07791D0260B00025F8F0 /* Resources */,
				7F4A5EB28BCE0EC40E7CF933 /* [CP] Copy Pods Resources */,
			);
			buildRules = (
			);
			dependencies = (
			);
			name = StreetTreesTransportKit;
			productName = StreetTreesTransportKit;
			productReference = D45F077B1D0260B00025F8F0 /* StreetTreesTransportKit.framework */;
			productType = "com.apple.product-type.framework";
		};
		D45F07831D0260B00025F8F0 /* StreetTreesTransportKitTests */ = {
			isa = PBXNativeTarget;
			buildConfigurationList = D45F07961D0260B00025F8F0 /* Build configuration list for PBXNativeTarget "StreetTreesTransportKitTests" */;
			buildPhases = (
				D45F07801D0260B00025F8F0 /* Sources */,
				D45F07811D0260B00025F8F0 /* Frameworks */,
				D45F07821D0260B00025F8F0 /* Resources */,
			);
			buildRules = (
			);
			dependencies = (
				D45F07871D0260B00025F8F0 /* PBXTargetDependency */,
				D45F07891D0260B00025F8F0 /* PBXTargetDependency */,
			);
			name = StreetTreesTransportKitTests;
			productName = StreetTreesTransportKitTests;
			productReference = D45F07841D0260B00025F8F0 /* StreetTreesTransportKitTests.xctest */;
			productType = "com.apple.product-type.bundle.unit-test";
		};
		D45F079D1D0260CA0025F8F0 /* StreetTreesPersistentKit */ = {
			isa = PBXNativeTarget;
			buildConfigurationList = D45F07B51D0260CA0025F8F0 /* Build configuration list for PBXNativeTarget "StreetTreesPersistentKit" */;
			buildPhases = (
				63F33722315FA7A95CD4D12F /* [CP] Check Pods Manifest.lock */,
				D45F07991D0260CA0025F8F0 /* Sources */,
				D45F079A1D0260CA0025F8F0 /* Frameworks */,
				D45F079B1D0260CA0025F8F0 /* Headers */,
				D45F079C1D0260CA0025F8F0 /* Resources */,
				64BFB629321C6C11D351D4C7 /* [CP] Copy Pods Resources */,
			);
			buildRules = (
			);
			dependencies = (
			);
			name = StreetTreesPersistentKit;
			productName = StreetTreesPersistentKit;
			productReference = D45F079E1D0260CA0025F8F0 /* StreetTreesPersistentKit.framework */;
			productType = "com.apple.product-type.framework";
		};
		D45F07A61D0260CA0025F8F0 /* StreetTreesPersistentKitTests */ = {
			isa = PBXNativeTarget;
			buildConfigurationList = D45F07B81D0260CA0025F8F0 /* Build configuration list for PBXNativeTarget "StreetTreesPersistentKitTests" */;
			buildPhases = (
				D45F07A31D0260CA0025F8F0 /* Sources */,
				D45F07A41D0260CA0025F8F0 /* Frameworks */,
				D45F07A51D0260CA0025F8F0 /* Resources */,
			);
			buildRules = (
			);
			dependencies = (
				D45F07AA1D0260CA0025F8F0 /* PBXTargetDependency */,
				D45F07AC1D0260CA0025F8F0 /* PBXTargetDependency */,
			);
			name = StreetTreesPersistentKitTests;
			productName = StreetTreesPersistentKitTests;
			productReference = D45F07A71D0260CA0025F8F0 /* StreetTreesPersistentKitTests.xctest */;
			productType = "com.apple.product-type.bundle.unit-test";
		};
		D45F07C71D02614A0025F8F0 /* StreetTreesFoundationKit */ = {
			isa = PBXNativeTarget;
			buildConfigurationList = D45F07DF1D02614A0025F8F0 /* Build configuration list for PBXNativeTarget "StreetTreesFoundationKit" */;
			buildPhases = (
				D45F07C31D02614A0025F8F0 /* Sources */,
				D45F07C41D02614A0025F8F0 /* Frameworks */,
				D45F07C51D02614A0025F8F0 /* Headers */,
				D45F07C61D02614A0025F8F0 /* Resources */,
			);
			buildRules = (
			);
			dependencies = (
			);
			name = StreetTreesFoundationKit;
			productName = StreetTreesFoundationKit;
			productReference = D45F07C81D02614A0025F8F0 /* StreetTreesFoundationKit.framework */;
			productType = "com.apple.product-type.framework";
		};
		D45F07D01D02614A0025F8F0 /* StreetTreesFoundationKitTests */ = {
			isa = PBXNativeTarget;
			buildConfigurationList = D45F07E21D02614A0025F8F0 /* Build configuration list for PBXNativeTarget "StreetTreesFoundationKitTests" */;
			buildPhases = (
				D45F07CD1D02614A0025F8F0 /* Sources */,
				D45F07CE1D02614A0025F8F0 /* Frameworks */,
				D45F07CF1D02614A0025F8F0 /* Resources */,
			);
			buildRules = (
			);
			dependencies = (
				D45F07D41D02614A0025F8F0 /* PBXTargetDependency */,
				D45F07D61D02614A0025F8F0 /* PBXTargetDependency */,
			);
			name = StreetTreesFoundationKitTests;
			productName = StreetTreesFoundationKitTests;
			productReference = D45F07D11D02614A0025F8F0 /* StreetTreesFoundationKitTests.xctest */;
			productType = "com.apple.product-type.bundle.unit-test";
		};
/* End PBXNativeTarget section */

/* Begin PBXProject section */
		D45F07371D0258320025F8F0 /* Project object */ = {
			isa = PBXProject;
			attributes = {
				LastSwiftUpdateCheck = 0730;
				LastUpgradeCheck = 0730;
				ORGANIZATIONNAME = "Code for Orlando";
				TargetAttributes = {
					D45F073E1D0258320025F8F0 = {
						CreatedOnToolsVersion = 7.3;
					};
					D45F07551D0258320025F8F0 = {
						CreatedOnToolsVersion = 7.3;
						TestTargetID = D45F073E1D0258320025F8F0;
					};
					D45F07601D0258320025F8F0 = {
						CreatedOnToolsVersion = 7.3;
						TestTargetID = D45F073E1D0258320025F8F0;
					};
					D45F077A1D0260B00025F8F0 = {
						CreatedOnToolsVersion = 7.3;
					};
					D45F07831D0260B00025F8F0 = {
						CreatedOnToolsVersion = 7.3;
						TestTargetID = D45F073E1D0258320025F8F0;
					};
					D45F079D1D0260CA0025F8F0 = {
						CreatedOnToolsVersion = 7.3;
					};
					D45F07A61D0260CA0025F8F0 = {
						CreatedOnToolsVersion = 7.3;
						TestTargetID = D45F073E1D0258320025F8F0;
					};
					D45F07C71D02614A0025F8F0 = {
						CreatedOnToolsVersion = 7.3;
					};
					D45F07D01D02614A0025F8F0 = {
						CreatedOnToolsVersion = 7.3;
						TestTargetID = D45F073E1D0258320025F8F0;
					};
				};
			};
			buildConfigurationList = D45F073A1D0258320025F8F0 /* Build configuration list for PBXProject "Street Trees" */;
			compatibilityVersion = "Xcode 3.2";
			developmentRegion = English;
			hasScannedForEncodings = 0;
			knownRegions = (
				en,
				Base,
			);
			mainGroup = D45F07361D0258320025F8F0;
			productRefGroup = D45F07401D0258320025F8F0 /* Products */;
			projectDirPath = "";
			projectRoot = "";
			targets = (
				D45F073E1D0258320025F8F0 /* Street Trees */,
				D45F07551D0258320025F8F0 /* Street TreesTests */,
				D45F07601D0258320025F8F0 /* Street TreesUITests */,
				D45F077A1D0260B00025F8F0 /* StreetTreesTransportKit */,
				D45F07831D0260B00025F8F0 /* StreetTreesTransportKitTests */,
				D45F079D1D0260CA0025F8F0 /* StreetTreesPersistentKit */,
				D45F07A61D0260CA0025F8F0 /* StreetTreesPersistentKitTests */,
				D45F07C71D02614A0025F8F0 /* StreetTreesFoundationKit */,
				D45F07D01D02614A0025F8F0 /* StreetTreesFoundationKitTests */,
			);
		};
/* End PBXProject section */

/* Begin PBXResourcesBuildPhase section */
		D45F073D1D0258320025F8F0 /* Resources */ = {
			isa = PBXResourcesBuildPhase;
			buildActionMask = 2147483647;
			files = (
				EB615CC71DB5519F004F6547 /*  ConfirmationPage.storyboard in Resources */,
				D45F07501D0258320025F8F0 /* LaunchScreen.storyboard in Resources */,
				D4AADE4C1D2C880C00481FD0 /* InitializerStoryboard.storyboard in Resources */,
				D45F074D1D0258320025F8F0 /* Assets.xcassets in Resources */,
				D45F07481D0258320025F8F0 /* Main.storyboard in Resources */,
				D46D99581D2005ED0038617B /* TreeDetails.storyboard in Resources */,
				D45EB76B1DB272D3006F23F2 /* OrderForm.storyboard in Resources */,
			);
			runOnlyForDeploymentPostprocessing = 0;
		};
		D45F07541D0258320025F8F0 /* Resources */ = {
			isa = PBXResourcesBuildPhase;
			buildActionMask = 2147483647;
			files = (
			);
			runOnlyForDeploymentPostprocessing = 0;
		};
		D45F075F1D0258320025F8F0 /* Resources */ = {
			isa = PBXResourcesBuildPhase;
			buildActionMask = 2147483647;
			files = (
			);
			runOnlyForDeploymentPostprocessing = 0;
		};
		D45F07791D0260B00025F8F0 /* Resources */ = {
			isa = PBXResourcesBuildPhase;
			buildActionMask = 2147483647;
			files = (
				5DDC179B1D0361F900AA272B /* testData.json in Resources */,
			);
			runOnlyForDeploymentPostprocessing = 0;
		};
		D45F07821D0260B00025F8F0 /* Resources */ = {
			isa = PBXResourcesBuildPhase;
			buildActionMask = 2147483647;
			files = (
			);
			runOnlyForDeploymentPostprocessing = 0;
		};
		D45F079C1D0260CA0025F8F0 /* Resources */ = {
			isa = PBXResourcesBuildPhase;
			buildActionMask = 2147483647;
			files = (
				D420E38B1D176C30007E23C8 /* Trees.xcassets in Resources */,
			);
			runOnlyForDeploymentPostprocessing = 0;
		};
		D45F07A51D0260CA0025F8F0 /* Resources */ = {
			isa = PBXResourcesBuildPhase;
			buildActionMask = 2147483647;
			files = (
			);
			runOnlyForDeploymentPostprocessing = 0;
		};
		D45F07C61D02614A0025F8F0 /* Resources */ = {
			isa = PBXResourcesBuildPhase;
			buildActionMask = 2147483647;
			files = (
			);
			runOnlyForDeploymentPostprocessing = 0;
		};
		D45F07CF1D02614A0025F8F0 /* Resources */ = {
			isa = PBXResourcesBuildPhase;
			buildActionMask = 2147483647;
			files = (
			);
			runOnlyForDeploymentPostprocessing = 0;
		};
/* End PBXResourcesBuildPhase section */

/* Begin PBXShellScriptBuildPhase section */
		041B8B195F8EEB7854D142E0 /* [CP] Check Pods Manifest.lock */ = {
			isa = PBXShellScriptBuildPhase;
			buildActionMask = 2147483647;
			files = (
			);
			inputPaths = (
			);
			name = "[CP] Check Pods Manifest.lock";
			outputPaths = (
			);
			runOnlyForDeploymentPostprocessing = 0;
			shellPath = /bin/sh;
			shellScript = "diff \"${PODS_ROOT}/../Podfile.lock\" \"${PODS_ROOT}/Manifest.lock\" > /dev/null\nif [[ $? != 0 ]] ; then\n    cat << EOM\nerror: The sandbox is not in sync with the Podfile.lock. Run 'pod install' or update your CocoaPods installation.\nEOM\n    exit 1\nfi\n";
			showEnvVarsInLog = 0;
		};
		24FD54A59F3F7A8C1F829961 /* [CP] Check Pods Manifest.lock */ = {
			isa = PBXShellScriptBuildPhase;
			buildActionMask = 2147483647;
			files = (
			);
			inputPaths = (
			);
			name = "[CP] Check Pods Manifest.lock";
			outputPaths = (
			);
			runOnlyForDeploymentPostprocessing = 0;
			shellPath = /bin/sh;
			shellScript = "diff \"${PODS_ROOT}/../Podfile.lock\" \"${PODS_ROOT}/Manifest.lock\" > /dev/null\nif [[ $? != 0 ]] ; then\n    cat << EOM\nerror: The sandbox is not in sync with the Podfile.lock. Run 'pod install' or update your CocoaPods installation.\nEOM\n    exit 1\nfi\n";
			showEnvVarsInLog = 0;
		};
		499F74B501CF28BA2E2068AF /* [CP] Copy Pods Resources */ = {
			isa = PBXShellScriptBuildPhase;
			buildActionMask = 2147483647;
			files = (
			);
			inputPaths = (
			);
			name = "[CP] Copy Pods Resources";
			outputPaths = (
			);
			runOnlyForDeploymentPostprocessing = 0;
			shellPath = /bin/sh;
			shellScript = "\"${SRCROOT}/Pods/Target Support Files/Pods-Street TreesTests/Pods-Street TreesTests-resources.sh\"\n";
			showEnvVarsInLog = 0;
		};
		55A5F928F077DB9A98FF5374 /* [CP] Copy Pods Resources */ = {
			isa = PBXShellScriptBuildPhase;
			buildActionMask = 2147483647;
			files = (
			);
			inputPaths = (
			);
			name = "[CP] Copy Pods Resources";
			outputPaths = (
			);
			runOnlyForDeploymentPostprocessing = 0;
			shellPath = /bin/sh;
			shellScript = "\"${SRCROOT}/Pods/Target Support Files/Pods-Street Trees/Pods-Street Trees-resources.sh\"\n";
			showEnvVarsInLog = 0;
		};
		564799D0B24D9CE09E30865E /* [CP] Copy Pods Resources */ = {
			isa = PBXShellScriptBuildPhase;
			buildActionMask = 2147483647;
			files = (
			);
			inputPaths = (
			);
			name = "[CP] Copy Pods Resources";
			outputPaths = (
			);
			runOnlyForDeploymentPostprocessing = 0;
			shellPath = /bin/sh;
			shellScript = "\"${SRCROOT}/Pods/Target Support Files/Pods-Street TreesUITests/Pods-Street TreesUITests-resources.sh\"\n";
			showEnvVarsInLog = 0;
		};
		63F33722315FA7A95CD4D12F /* [CP] Check Pods Manifest.lock */ = {
			isa = PBXShellScriptBuildPhase;
			buildActionMask = 2147483647;
			files = (
			);
			inputPaths = (
			);
			name = "[CP] Check Pods Manifest.lock";
			outputPaths = (
			);
			runOnlyForDeploymentPostprocessing = 0;
			shellPath = /bin/sh;
			shellScript = "diff \"${PODS_ROOT}/../Podfile.lock\" \"${PODS_ROOT}/Manifest.lock\" > /dev/null\nif [[ $? != 0 ]] ; then\n    cat << EOM\nerror: The sandbox is not in sync with the Podfile.lock. Run 'pod install' or update your CocoaPods installation.\nEOM\n    exit 1\nfi\n";
			showEnvVarsInLog = 0;
		};
		64BFB629321C6C11D351D4C7 /* [CP] Copy Pods Resources */ = {
			isa = PBXShellScriptBuildPhase;
			buildActionMask = 2147483647;
			files = (
			);
			inputPaths = (
			);
			name = "[CP] Copy Pods Resources";
			outputPaths = (
			);
			runOnlyForDeploymentPostprocessing = 0;
			shellPath = /bin/sh;
			shellScript = "\"${SRCROOT}/Pods/Target Support Files/Pods-StreetTreesPersistentKit/Pods-StreetTreesPersistentKit-resources.sh\"\n";
			showEnvVarsInLog = 0;
		};
		7B53BA9C895348C007871061 /* [CP] Check Pods Manifest.lock */ = {
			isa = PBXShellScriptBuildPhase;
			buildActionMask = 2147483647;
			files = (
			);
			inputPaths = (
			);
			name = "[CP] Check Pods Manifest.lock";
			outputPaths = (
			);
			runOnlyForDeploymentPostprocessing = 0;
			shellPath = /bin/sh;
			shellScript = "diff \"${PODS_ROOT}/../Podfile.lock\" \"${PODS_ROOT}/Manifest.lock\" > /dev/null\nif [[ $? != 0 ]] ; then\n    cat << EOM\nerror: The sandbox is not in sync with the Podfile.lock. Run 'pod install' or update your CocoaPods installation.\nEOM\n    exit 1\nfi\n";
			showEnvVarsInLog = 0;
		};
		7EFFE6EF5CDAEB35AF366C26 /* [CP] Embed Pods Frameworks */ = {
			isa = PBXShellScriptBuildPhase;
			buildActionMask = 2147483647;
			files = (
			);
			inputPaths = (
			);
			name = "[CP] Embed Pods Frameworks";
			outputPaths = (
			);
			runOnlyForDeploymentPostprocessing = 0;
			shellPath = /bin/sh;
			shellScript = "\"${SRCROOT}/Pods/Target Support Files/Pods-Street TreesTests/Pods-Street TreesTests-frameworks.sh\"\n";
			showEnvVarsInLog = 0;
		};
		7F4A5EB28BCE0EC40E7CF933 /* [CP] Copy Pods Resources */ = {
			isa = PBXShellScriptBuildPhase;
			buildActionMask = 2147483647;
			files = (
			);
			inputPaths = (
			);
			name = "[CP] Copy Pods Resources";
			outputPaths = (
			);
			runOnlyForDeploymentPostprocessing = 0;
			shellPath = /bin/sh;
			shellScript = "\"${SRCROOT}/Pods/Target Support Files/Pods-StreetTreesTransportKit/Pods-StreetTreesTransportKit-resources.sh\"\n";
			showEnvVarsInLog = 0;
		};
		A8DA85A66E7D2CAB2F5CD33A /* [CP] Embed Pods Frameworks */ = {
			isa = PBXShellScriptBuildPhase;
			buildActionMask = 2147483647;
			files = (
			);
			inputPaths = (
			);
			name = "[CP] Embed Pods Frameworks";
			outputPaths = (
			);
			runOnlyForDeploymentPostprocessing = 0;
			shellPath = /bin/sh;
			shellScript = "\"${SRCROOT}/Pods/Target Support Files/Pods-Street Trees/Pods-Street Trees-frameworks.sh\"\n";
			showEnvVarsInLog = 0;
		};
		DA06998ED4BB0A1AA02C6F0E /* [CP] Check Pods Manifest.lock */ = {
			isa = PBXShellScriptBuildPhase;
			buildActionMask = 2147483647;
			files = (
			);
			inputPaths = (
			);
			name = "[CP] Check Pods Manifest.lock";
			outputPaths = (
			);
			runOnlyForDeploymentPostprocessing = 0;
			shellPath = /bin/sh;
			shellScript = "diff \"${PODS_ROOT}/../Podfile.lock\" \"${PODS_ROOT}/Manifest.lock\" > /dev/null\nif [[ $? != 0 ]] ; then\n    cat << EOM\nerror: The sandbox is not in sync with the Podfile.lock. Run 'pod install' or update your CocoaPods installation.\nEOM\n    exit 1\nfi\n";
			showEnvVarsInLog = 0;
		};
/* End PBXShellScriptBuildPhase section */

/* Begin PBXSourcesBuildPhase section */
		D45F073B1D0258320025F8F0 /* Sources */ = {
			isa = PBXSourcesBuildPhase;
			buildActionMask = 2147483647;
			files = (
				D45F07451D0258320025F8F0 /* STTreeMapViewController.swift in Sources */,
				D45B02CC1DA174EE007D1A02 /* STSelectTreeViewController.swift in Sources */,
				D46D995D1D20251A0038617B /* STTreeDetailsTableViewController.swift in Sources */,
				D45B02CE1DA17B82007D1A02 /* STTreeCollectionViewCell.swift in Sources */,
				D4AADE4E1D2C886D00481FD0 /* STInitialViewController.swift in Sources */,
				52256F541D033548004D8CE2 /* STTreeAnnotation.swift in Sources */,
				D46D995B1D20068F0038617B /* StoryboardSegueIdentifiers.swift in Sources */,
				D45F07431D0258320025F8F0 /* AppDelegate.swift in Sources */,
				D453A5421D983D0E008BE29F /* STAddressFormViewController.swift in Sources */,
				D4A6F7511D9FFF8A003F6EEE /* STUserDetailsFormViewController.swift in Sources */,
				D45EB76D1DB285F9006F23F2 /* STOrderFormNavigationViewController.swift in Sources */,
				D45B02D01DA1931C007D1A02 /* STCenterCellFlowLayout.swift in Sources */,
			);
			runOnlyForDeploymentPostprocessing = 0;
		};
		D45F07521D0258320025F8F0 /* Sources */ = {
			isa = PBXSourcesBuildPhase;
			buildActionMask = 2147483647;
			files = (
				D45F075B1D0258320025F8F0 /* Street_TreesTests.swift in Sources */,
			);
			runOnlyForDeploymentPostprocessing = 0;
		};
		D45F075D1D0258320025F8F0 /* Sources */ = {
			isa = PBXSourcesBuildPhase;
			buildActionMask = 2147483647;
			files = (
				D45F07661D0258320025F8F0 /* Street_TreesUITests.swift in Sources */,
			);
			runOnlyForDeploymentPostprocessing = 0;
		};
		D45F07761D0260B00025F8F0 /* Sources */ = {
			isa = PBXSourcesBuildPhase;
			buildActionMask = 2147483647;
			files = (
				D45EB7711DB29ED6006F23F2 /* AddressProtocol.swift in Sources */,
				5DDC17971D034D0500AA272B /* STTKStreetTree.swift in Sources */,
				D420E3881D1738BE007E23C8 /* STTKTreeDescription.swift in Sources */,
				5DDC17931D0341A700AA272B /* STTKDownloadManager.swift in Sources */,
				D49B11681D3BD6E900449612 /* STTKContact.swift in Sources */,
				D49B116D1D3BD79E00449612 /* STTKWufooForm.swift in Sources */,
				D41424AC1D3AD11200863B38 /* STTKWufooRequest.swift in Sources */,
				D45EB76F1DB29ECC006F23F2 /* ContactProtocol.swift in Sources */,
				D49B116B1D3BD71600449612 /* STTKStreetAddress.swift in Sources */,
			);
			runOnlyForDeploymentPostprocessing = 0;
		};
		D45F07801D0260B00025F8F0 /* Sources */ = {
			isa = PBXSourcesBuildPhase;
			buildActionMask = 2147483647;
			files = (
				D45F078C1D0260B00025F8F0 /* StreetTreesTransportKitTests.swift in Sources */,
			);
			runOnlyForDeploymentPostprocessing = 0;
		};
		D45F07991D0260CA0025F8F0 /* Sources */ = {
			isa = PBXSourcesBuildPhase;
			buildActionMask = 2147483647;
			files = (
				D4EE1FDC1D2B3EDC007E6C01 /* STPKUser.swift in Sources */,
				D4B543581D0322BB0000CBFF /* STPKModel.xcdatamodeld in Sources */,
				D45EB7741DB29F53006F23F2 /* TreeDescriptionProtocol.swift in Sources */,
				D4B543621D0326440000CBFF /* STPKCoreDataStack.swift in Sources */,
				D420E3891D174C60007E23C8 /* STPKCoreData.swift in Sources */,
				D4EE1FDB1D2B3EDC007E6C01 /* STPKUser+CoreDataProperties.swift in Sources */,
				D4DD29481D426EB200ABDDBB /* STPKTree+CoreDataProperties.swift in Sources */,
				D420E3861D1731EC007E23C8 /* STPKManageObject.swift in Sources */,
				D420E37B1D1729A0007E23C8 /* STPKTreeDescription+CoreDataProperties.swift in Sources */,
				D420E37C1D1729A0007E23C8 /* STPKTreeDescription.swift in Sources */,
				D4B5436C1D032D020000CBFF /* STPKTree.swift in Sources */,
			);
			runOnlyForDeploymentPostprocessing = 0;
		};
		D45F07A31D0260CA0025F8F0 /* Sources */ = {
			isa = PBXSourcesBuildPhase;
			buildActionMask = 2147483647;
			files = (
				D45F07AF1D0260CA0025F8F0 /* StreetTreesPersistentKitTests.swift in Sources */,
			);
			runOnlyForDeploymentPostprocessing = 0;
		};
		D45F07C31D02614A0025F8F0 /* Sources */ = {
			isa = PBXSourcesBuildPhase;
			buildActionMask = 2147483647;
			files = (
				D47C01FD1D985FC700104ED6 /* STFKMapSnapshot.swift in Sources */,
				5DDC17991D0356F100AA272B /* STFKStreetTreeDateFormatter.swift in Sources */,
				D443A52F1D984C11008F60DE /* STFKLocationRequest.swift in Sources */,
				D4EE1FE01D2BF79A007E6C01 /* UIViewControllerExtension.swift in Sources */,
				D4EE1FE21D2BF7FE007E6C01 /* UIColorExtension.swift in Sources */,
				D49B11661D3BD50200449612 /* STFKDictionaryExtension.swift in Sources */,
			);
			runOnlyForDeploymentPostprocessing = 0;
		};
		D45F07CD1D02614A0025F8F0 /* Sources */ = {
			isa = PBXSourcesBuildPhase;
			buildActionMask = 2147483647;
			files = (
				D45F07D91D02614A0025F8F0 /* StreetTreesFoundationKitTests.swift in Sources */,
			);
			runOnlyForDeploymentPostprocessing = 0;
		};
/* End PBXSourcesBuildPhase section */

/* Begin PBXTargetDependency section */
		D45F07581D0258320025F8F0 /* PBXTargetDependency */ = {
			isa = PBXTargetDependency;
			target = D45F073E1D0258320025F8F0 /* Street Trees */;
			targetProxy = D45F07571D0258320025F8F0 /* PBXContainerItemProxy */;
		};
		D45F07631D0258320025F8F0 /* PBXTargetDependency */ = {
			isa = PBXTargetDependency;
			target = D45F073E1D0258320025F8F0 /* Street Trees */;
			targetProxy = D45F07621D0258320025F8F0 /* PBXContainerItemProxy */;
		};
		D45F07871D0260B00025F8F0 /* PBXTargetDependency */ = {
			isa = PBXTargetDependency;
			target = D45F077A1D0260B00025F8F0 /* StreetTreesTransportKit */;
			targetProxy = D45F07861D0260B00025F8F0 /* PBXContainerItemProxy */;
		};
		D45F07891D0260B00025F8F0 /* PBXTargetDependency */ = {
			isa = PBXTargetDependency;
			target = D45F073E1D0258320025F8F0 /* Street Trees */;
			targetProxy = D45F07881D0260B00025F8F0 /* PBXContainerItemProxy */;
		};
		D45F078F1D0260B00025F8F0 /* PBXTargetDependency */ = {
			isa = PBXTargetDependency;
			target = D45F077A1D0260B00025F8F0 /* StreetTreesTransportKit */;
			targetProxy = D45F078E1D0260B00025F8F0 /* PBXContainerItemProxy */;
		};
		D45F07AA1D0260CA0025F8F0 /* PBXTargetDependency */ = {
			isa = PBXTargetDependency;
			target = D45F079D1D0260CA0025F8F0 /* StreetTreesPersistentKit */;
			targetProxy = D45F07A91D0260CA0025F8F0 /* PBXContainerItemProxy */;
		};
		D45F07AC1D0260CA0025F8F0 /* PBXTargetDependency */ = {
			isa = PBXTargetDependency;
			target = D45F073E1D0258320025F8F0 /* Street Trees */;
			targetProxy = D45F07AB1D0260CA0025F8F0 /* PBXContainerItemProxy */;
		};
		D45F07B21D0260CA0025F8F0 /* PBXTargetDependency */ = {
			isa = PBXTargetDependency;
			target = D45F079D1D0260CA0025F8F0 /* StreetTreesPersistentKit */;
			targetProxy = D45F07B11D0260CA0025F8F0 /* PBXContainerItemProxy */;
		};
		D45F07D41D02614A0025F8F0 /* PBXTargetDependency */ = {
			isa = PBXTargetDependency;
			target = D45F07C71D02614A0025F8F0 /* StreetTreesFoundationKit */;
			targetProxy = D45F07D31D02614A0025F8F0 /* PBXContainerItemProxy */;
		};
		D45F07D61D02614A0025F8F0 /* PBXTargetDependency */ = {
			isa = PBXTargetDependency;
			target = D45F073E1D0258320025F8F0 /* Street Trees */;
			targetProxy = D45F07D51D02614A0025F8F0 /* PBXContainerItemProxy */;
		};
		D45F07DC1D02614A0025F8F0 /* PBXTargetDependency */ = {
			isa = PBXTargetDependency;
			target = D45F07C71D02614A0025F8F0 /* StreetTreesFoundationKit */;
			targetProxy = D45F07DB1D02614A0025F8F0 /* PBXContainerItemProxy */;
		};
/* End PBXTargetDependency section */

/* Begin PBXVariantGroup section */
		D45F07461D0258320025F8F0 /* Main.storyboard */ = {
			isa = PBXVariantGroup;
			children = (
				D45F07471D0258320025F8F0 /* Base */,
			);
			name = Main.storyboard;
			sourceTree = "<group>";
		};
		D45F074E1D0258320025F8F0 /* LaunchScreen.storyboard */ = {
			isa = PBXVariantGroup;
			children = (
				D45F074F1D0258320025F8F0 /* Base */,
			);
			name = LaunchScreen.storyboard;
			sourceTree = "<group>";
		};
/* End PBXVariantGroup section */

/* Begin XCBuildConfiguration section */
		D45F07681D0258320025F8F0 /* Debug */ = {
			isa = XCBuildConfiguration;
			buildSettings = {
				ALWAYS_SEARCH_USER_PATHS = NO;
				CLANG_ANALYZER_NONNULL = YES;
				CLANG_CXX_LANGUAGE_STANDARD = "gnu++0x";
				CLANG_CXX_LIBRARY = "libc++";
				CLANG_ENABLE_MODULES = YES;
				CLANG_ENABLE_OBJC_ARC = YES;
				CLANG_WARN_BOOL_CONVERSION = YES;
				CLANG_WARN_CONSTANT_CONVERSION = YES;
				CLANG_WARN_DIRECT_OBJC_ISA_USAGE = YES_ERROR;
				CLANG_WARN_EMPTY_BODY = YES;
				CLANG_WARN_ENUM_CONVERSION = YES;
				CLANG_WARN_INT_CONVERSION = YES;
				CLANG_WARN_OBJC_ROOT_CLASS = YES_ERROR;
				CLANG_WARN_UNREACHABLE_CODE = YES;
				CLANG_WARN__DUPLICATE_METHOD_MATCH = YES;
				"CODE_SIGN_IDENTITY[sdk=iphoneos*]" = "iPhone Developer";
				COPY_PHASE_STRIP = NO;
				DEBUG_INFORMATION_FORMAT = dwarf;
				ENABLE_STRICT_OBJC_MSGSEND = YES;
				ENABLE_TESTABILITY = YES;
				GCC_C_LANGUAGE_STANDARD = gnu99;
				GCC_DYNAMIC_NO_PIC = NO;
				GCC_NO_COMMON_BLOCKS = YES;
				GCC_OPTIMIZATION_LEVEL = 0;
				GCC_PREPROCESSOR_DEFINITIONS = (
					"DEBUG=1",
					"$(inherited)",
				);
				GCC_WARN_64_TO_32_BIT_CONVERSION = YES;
				GCC_WARN_ABOUT_RETURN_TYPE = YES_ERROR;
				GCC_WARN_UNDECLARED_SELECTOR = YES;
				GCC_WARN_UNINITIALIZED_AUTOS = YES_AGGRESSIVE;
				GCC_WARN_UNUSED_FUNCTION = YES;
				GCC_WARN_UNUSED_VARIABLE = YES;
				IPHONEOS_DEPLOYMENT_TARGET = 9.3;
				MTL_ENABLE_DEBUG_INFO = YES;
				ONLY_ACTIVE_ARCH = YES;
				SDKROOT = iphoneos;
				SWIFT_OPTIMIZATION_LEVEL = "-Onone";
				SWIFT_VERSION = 2.3;
				TARGETED_DEVICE_FAMILY = "1,2";
			};
			name = Debug;
		};
		D45F07691D0258320025F8F0 /* Release */ = {
			isa = XCBuildConfiguration;
			buildSettings = {
				ALWAYS_SEARCH_USER_PATHS = NO;
				CLANG_ANALYZER_NONNULL = YES;
				CLANG_CXX_LANGUAGE_STANDARD = "gnu++0x";
				CLANG_CXX_LIBRARY = "libc++";
				CLANG_ENABLE_MODULES = YES;
				CLANG_ENABLE_OBJC_ARC = YES;
				CLANG_WARN_BOOL_CONVERSION = YES;
				CLANG_WARN_CONSTANT_CONVERSION = YES;
				CLANG_WARN_DIRECT_OBJC_ISA_USAGE = YES_ERROR;
				CLANG_WARN_EMPTY_BODY = YES;
				CLANG_WARN_ENUM_CONVERSION = YES;
				CLANG_WARN_INT_CONVERSION = YES;
				CLANG_WARN_OBJC_ROOT_CLASS = YES_ERROR;
				CLANG_WARN_UNREACHABLE_CODE = YES;
				CLANG_WARN__DUPLICATE_METHOD_MATCH = YES;
				"CODE_SIGN_IDENTITY[sdk=iphoneos*]" = "iPhone Developer";
				COPY_PHASE_STRIP = NO;
				DEBUG_INFORMATION_FORMAT = "dwarf-with-dsym";
				ENABLE_NS_ASSERTIONS = NO;
				ENABLE_STRICT_OBJC_MSGSEND = YES;
				GCC_C_LANGUAGE_STANDARD = gnu99;
				GCC_NO_COMMON_BLOCKS = YES;
				GCC_WARN_64_TO_32_BIT_CONVERSION = YES;
				GCC_WARN_ABOUT_RETURN_TYPE = YES_ERROR;
				GCC_WARN_UNDECLARED_SELECTOR = YES;
				GCC_WARN_UNINITIALIZED_AUTOS = YES_AGGRESSIVE;
				GCC_WARN_UNUSED_FUNCTION = YES;
				GCC_WARN_UNUSED_VARIABLE = YES;
				IPHONEOS_DEPLOYMENT_TARGET = 9.3;
				MTL_ENABLE_DEBUG_INFO = NO;
				SDKROOT = iphoneos;
				SWIFT_VERSION = 2.3;
				TARGETED_DEVICE_FAMILY = "1,2";
				VALIDATE_PRODUCT = YES;
			};
			name = Release;
		};
		D45F076B1D0258320025F8F0 /* Debug */ = {
			isa = XCBuildConfiguration;
			baseConfigurationReference = 5B9A1506190A4DBC6EC775E9 /* Pods-Street Trees.debug.xcconfig */;
			buildSettings = {
				ASSETCATALOG_COMPILER_APPICON_NAME = AppIcon;
				CODE_SIGN_IDENTITY = "iPhone Developer";
				"CODE_SIGN_IDENTITY[sdk=iphoneos*]" = "iPhone Developer";
				EMBEDDED_CONTENT_CONTAINS_SWIFT = YES;
				INFOPLIST_FILE = "Street Trees/Info.plist";
				LD_RUNPATH_SEARCH_PATHS = "$(inherited) @executable_path/Frameworks";
				PRODUCT_BUNDLE_IDENTIFIER = "com.CodeForOrlando.Street-Trees";
				PRODUCT_NAME = "$(TARGET_NAME)";
				PROVISIONING_PROFILE = "";
				SWIFT_VERSION = 2.3;
			};
			name = Debug;
		};
		D45F076C1D0258320025F8F0 /* Release */ = {
			isa = XCBuildConfiguration;
			baseConfigurationReference = 3C0CAF633664DD81E6A9A497 /* Pods-Street Trees.release.xcconfig */;
			buildSettings = {
				ASSETCATALOG_COMPILER_APPICON_NAME = AppIcon;
				CODE_SIGN_IDENTITY = "iPhone Developer";
				"CODE_SIGN_IDENTITY[sdk=iphoneos*]" = "iPhone Developer";
				EMBEDDED_CONTENT_CONTAINS_SWIFT = YES;
				INFOPLIST_FILE = "Street Trees/Info.plist";
				LD_RUNPATH_SEARCH_PATHS = "$(inherited) @executable_path/Frameworks";
				PRODUCT_BUNDLE_IDENTIFIER = "com.CodeForOrlando.Street-Trees";
				PRODUCT_NAME = "$(TARGET_NAME)";
				PROVISIONING_PROFILE = "";
				SWIFT_VERSION = 2.3;
			};
			name = Release;
		};
		D45F076E1D0258320025F8F0 /* Debug */ = {
			isa = XCBuildConfiguration;
			baseConfigurationReference = C79001BAD9DDDD01AFF193CE /* Pods-Street TreesTests.debug.xcconfig */;
			buildSettings = {
				BUNDLE_LOADER = "$(TEST_HOST)";
				INFOPLIST_FILE = "Street TreesTests/Info.plist";
				LD_RUNPATH_SEARCH_PATHS = "$(inherited) @executable_path/Frameworks @loader_path/Frameworks";
				PRODUCT_BUNDLE_IDENTIFIER = "com.CodeForOrlando.Street-TreesTests";
				PRODUCT_NAME = "$(TARGET_NAME)";
				TEST_HOST = "$(BUILT_PRODUCTS_DIR)/Street Trees.app/Street Trees";
			};
			name = Debug;
		};
		D45F076F1D0258320025F8F0 /* Release */ = {
			isa = XCBuildConfiguration;
			baseConfigurationReference = 56223885A3A51162063690CD /* Pods-Street TreesTests.release.xcconfig */;
			buildSettings = {
				BUNDLE_LOADER = "$(TEST_HOST)";
				INFOPLIST_FILE = "Street TreesTests/Info.plist";
				LD_RUNPATH_SEARCH_PATHS = "$(inherited) @executable_path/Frameworks @loader_path/Frameworks";
				PRODUCT_BUNDLE_IDENTIFIER = "com.CodeForOrlando.Street-TreesTests";
				PRODUCT_NAME = "$(TARGET_NAME)";
				TEST_HOST = "$(BUILT_PRODUCTS_DIR)/Street Trees.app/Street Trees";
			};
			name = Release;
		};
		D45F07711D0258320025F8F0 /* Debug */ = {
			isa = XCBuildConfiguration;
			baseConfigurationReference = 0A3EC10F2DFA698DE606D33D /* Pods-Street TreesUITests.debug.xcconfig */;
			buildSettings = {
				INFOPLIST_FILE = "Street TreesUITests/Info.plist";
				LD_RUNPATH_SEARCH_PATHS = "$(inherited) @executable_path/Frameworks @loader_path/Frameworks";
				PRODUCT_BUNDLE_IDENTIFIER = "com.CodeForOrlando.Street-TreesUITests";
				PRODUCT_NAME = "$(TARGET_NAME)";
				TEST_TARGET_NAME = "Street Trees";
			};
			name = Debug;
		};
		D45F07721D0258320025F8F0 /* Release */ = {
			isa = XCBuildConfiguration;
			baseConfigurationReference = 72B854701F0BC5911AD4E241 /* Pods-Street TreesUITests.release.xcconfig */;
			buildSettings = {
				INFOPLIST_FILE = "Street TreesUITests/Info.plist";
				LD_RUNPATH_SEARCH_PATHS = "$(inherited) @executable_path/Frameworks @loader_path/Frameworks";
				PRODUCT_BUNDLE_IDENTIFIER = "com.CodeForOrlando.Street-TreesUITests";
				PRODUCT_NAME = "$(TARGET_NAME)";
				TEST_TARGET_NAME = "Street Trees";
			};
			name = Release;
		};
		D45F07931D0260B00025F8F0 /* Debug */ = {
			isa = XCBuildConfiguration;
			baseConfigurationReference = 34CB28C14A60486A2B8237D0 /* Pods-StreetTreesTransportKit.debug.xcconfig */;
			buildSettings = {
				CLANG_ENABLE_MODULES = YES;
				CURRENT_PROJECT_VERSION = 1;
				DEFINES_MODULE = YES;
				DYLIB_COMPATIBILITY_VERSION = 1;
				DYLIB_CURRENT_VERSION = 1;
				DYLIB_INSTALL_NAME_BASE = "@rpath";
				INFOPLIST_FILE = StreetTreesTransportKit/Info.plist;
				INSTALL_PATH = "$(LOCAL_LIBRARY_DIR)/Frameworks";
				LD_RUNPATH_SEARCH_PATHS = "$(inherited) @executable_path/Frameworks @loader_path/Frameworks";
				PRODUCT_BUNDLE_IDENTIFIER = com.CodeForOrlando.StreetTreesTransportKit;
				PRODUCT_NAME = "$(TARGET_NAME)";
				SKIP_INSTALL = YES;
				SWIFT_OPTIMIZATION_LEVEL = "-Onone";
				VERSIONING_SYSTEM = "apple-generic";
				VERSION_INFO_PREFIX = "";
			};
			name = Debug;
		};
		D45F07941D0260B00025F8F0 /* Release */ = {
			isa = XCBuildConfiguration;
			baseConfigurationReference = 5F1E7920CFA2E680E79137CB /* Pods-StreetTreesTransportKit.release.xcconfig */;
			buildSettings = {
				CLANG_ENABLE_MODULES = YES;
				CURRENT_PROJECT_VERSION = 1;
				DEFINES_MODULE = YES;
				DYLIB_COMPATIBILITY_VERSION = 1;
				DYLIB_CURRENT_VERSION = 1;
				DYLIB_INSTALL_NAME_BASE = "@rpath";
				INFOPLIST_FILE = StreetTreesTransportKit/Info.plist;
				INSTALL_PATH = "$(LOCAL_LIBRARY_DIR)/Frameworks";
				LD_RUNPATH_SEARCH_PATHS = "$(inherited) @executable_path/Frameworks @loader_path/Frameworks";
				PRODUCT_BUNDLE_IDENTIFIER = com.CodeForOrlando.StreetTreesTransportKit;
				PRODUCT_NAME = "$(TARGET_NAME)";
				SKIP_INSTALL = YES;
				VERSIONING_SYSTEM = "apple-generic";
				VERSION_INFO_PREFIX = "";
			};
			name = Release;
		};
		D45F07971D0260B00025F8F0 /* Debug */ = {
			isa = XCBuildConfiguration;
			buildSettings = {
				INFOPLIST_FILE = StreetTreesTransportKitTests/Info.plist;
				LD_RUNPATH_SEARCH_PATHS = "$(inherited) @executable_path/Frameworks @loader_path/Frameworks";
				PRODUCT_BUNDLE_IDENTIFIER = com.CodeForOrlando.StreetTreesTransportKitTests;
				PRODUCT_NAME = "$(TARGET_NAME)";
				TEST_HOST = "$(BUILT_PRODUCTS_DIR)/Street Trees.app/Street Trees";
			};
			name = Debug;
		};
		D45F07981D0260B00025F8F0 /* Release */ = {
			isa = XCBuildConfiguration;
			buildSettings = {
				INFOPLIST_FILE = StreetTreesTransportKitTests/Info.plist;
				LD_RUNPATH_SEARCH_PATHS = "$(inherited) @executable_path/Frameworks @loader_path/Frameworks";
				PRODUCT_BUNDLE_IDENTIFIER = com.CodeForOrlando.StreetTreesTransportKitTests;
				PRODUCT_NAME = "$(TARGET_NAME)";
				TEST_HOST = "$(BUILT_PRODUCTS_DIR)/Street Trees.app/Street Trees";
			};
			name = Release;
		};
		D45F07B61D0260CA0025F8F0 /* Debug */ = {
			isa = XCBuildConfiguration;
			baseConfigurationReference = 15C5927810031360042582FA /* Pods-StreetTreesPersistentKit.debug.xcconfig */;
			buildSettings = {
				CLANG_ENABLE_MODULES = YES;
				CURRENT_PROJECT_VERSION = 1;
				DEFINES_MODULE = YES;
				DYLIB_COMPATIBILITY_VERSION = 1;
				DYLIB_CURRENT_VERSION = 1;
				DYLIB_INSTALL_NAME_BASE = "@rpath";
				INFOPLIST_FILE = StreetTreesPersistentKit/Info.plist;
				INSTALL_PATH = "$(LOCAL_LIBRARY_DIR)/Frameworks";
				LD_RUNPATH_SEARCH_PATHS = "$(inherited) @executable_path/Frameworks @loader_path/Frameworks";
				PRODUCT_BUNDLE_IDENTIFIER = com.CodeForOrlando.StreetTreesPersistentKit;
				PRODUCT_NAME = "$(TARGET_NAME)";
				SKIP_INSTALL = YES;
				SWIFT_OPTIMIZATION_LEVEL = "-Onone";
				VERSIONING_SYSTEM = "apple-generic";
				VERSION_INFO_PREFIX = "";
			};
			name = Debug;
		};
		D45F07B71D0260CA0025F8F0 /* Release */ = {
			isa = XCBuildConfiguration;
			baseConfigurationReference = 6659AA8C1972A25EB391AA0F /* Pods-StreetTreesPersistentKit.release.xcconfig */;
			buildSettings = {
				CLANG_ENABLE_MODULES = YES;
				CURRENT_PROJECT_VERSION = 1;
				DEFINES_MODULE = YES;
				DYLIB_COMPATIBILITY_VERSION = 1;
				DYLIB_CURRENT_VERSION = 1;
				DYLIB_INSTALL_NAME_BASE = "@rpath";
				INFOPLIST_FILE = StreetTreesPersistentKit/Info.plist;
				INSTALL_PATH = "$(LOCAL_LIBRARY_DIR)/Frameworks";
				LD_RUNPATH_SEARCH_PATHS = "$(inherited) @executable_path/Frameworks @loader_path/Frameworks";
				PRODUCT_BUNDLE_IDENTIFIER = com.CodeForOrlando.StreetTreesPersistentKit;
				PRODUCT_NAME = "$(TARGET_NAME)";
				SKIP_INSTALL = YES;
				VERSIONING_SYSTEM = "apple-generic";
				VERSION_INFO_PREFIX = "";
			};
			name = Release;
		};
		D45F07B91D0260CA0025F8F0 /* Debug */ = {
			isa = XCBuildConfiguration;
			buildSettings = {
				INFOPLIST_FILE = StreetTreesPersistentKitTests/Info.plist;
				LD_RUNPATH_SEARCH_PATHS = "$(inherited) @executable_path/Frameworks @loader_path/Frameworks";
				PRODUCT_BUNDLE_IDENTIFIER = com.CodeForOrlando.StreetTreesPersistentKitTests;
				PRODUCT_NAME = "$(TARGET_NAME)";
				TEST_HOST = "$(BUILT_PRODUCTS_DIR)/Street Trees.app/Street Trees";
			};
			name = Debug;
		};
		D45F07BA1D0260CA0025F8F0 /* Release */ = {
			isa = XCBuildConfiguration;
			buildSettings = {
				INFOPLIST_FILE = StreetTreesPersistentKitTests/Info.plist;
				LD_RUNPATH_SEARCH_PATHS = "$(inherited) @executable_path/Frameworks @loader_path/Frameworks";
				PRODUCT_BUNDLE_IDENTIFIER = com.CodeForOrlando.StreetTreesPersistentKitTests;
				PRODUCT_NAME = "$(TARGET_NAME)";
				TEST_HOST = "$(BUILT_PRODUCTS_DIR)/Street Trees.app/Street Trees";
			};
			name = Release;
		};
		D45F07E01D02614A0025F8F0 /* Debug */ = {
			isa = XCBuildConfiguration;
			buildSettings = {
				CLANG_ENABLE_MODULES = YES;
				CURRENT_PROJECT_VERSION = 1;
				DEFINES_MODULE = YES;
				DYLIB_COMPATIBILITY_VERSION = 1;
				DYLIB_CURRENT_VERSION = 1;
				DYLIB_INSTALL_NAME_BASE = "@rpath";
				INFOPLIST_FILE = StreetTreesFoundationKit/Info.plist;
				INSTALL_PATH = "$(LOCAL_LIBRARY_DIR)/Frameworks";
				LD_RUNPATH_SEARCH_PATHS = "$(inherited) @executable_path/Frameworks @loader_path/Frameworks";
				PRODUCT_BUNDLE_IDENTIFIER = com.CodeForOrlando.StreetTreesFoundationKit;
				PRODUCT_NAME = "$(TARGET_NAME)";
				SKIP_INSTALL = YES;
				SWIFT_OPTIMIZATION_LEVEL = "-Onone";
				VERSIONING_SYSTEM = "apple-generic";
				VERSION_INFO_PREFIX = "";
			};
			name = Debug;
		};
		D45F07E11D02614A0025F8F0 /* Release */ = {
			isa = XCBuildConfiguration;
			buildSettings = {
				CLANG_ENABLE_MODULES = YES;
				CURRENT_PROJECT_VERSION = 1;
				DEFINES_MODULE = YES;
				DYLIB_COMPATIBILITY_VERSION = 1;
				DYLIB_CURRENT_VERSION = 1;
				DYLIB_INSTALL_NAME_BASE = "@rpath";
				INFOPLIST_FILE = StreetTreesFoundationKit/Info.plist;
				INSTALL_PATH = "$(LOCAL_LIBRARY_DIR)/Frameworks";
				LD_RUNPATH_SEARCH_PATHS = "$(inherited) @executable_path/Frameworks @loader_path/Frameworks";
				PRODUCT_BUNDLE_IDENTIFIER = com.CodeForOrlando.StreetTreesFoundationKit;
				PRODUCT_NAME = "$(TARGET_NAME)";
				SKIP_INSTALL = YES;
				VERSIONING_SYSTEM = "apple-generic";
				VERSION_INFO_PREFIX = "";
			};
			name = Release;
		};
		D45F07E31D02614A0025F8F0 /* Debug */ = {
			isa = XCBuildConfiguration;
			buildSettings = {
				INFOPLIST_FILE = StreetTreesFoundationKitTests/Info.plist;
				LD_RUNPATH_SEARCH_PATHS = "$(inherited) @executable_path/Frameworks @loader_path/Frameworks";
				PRODUCT_BUNDLE_IDENTIFIER = com.CodeForOrlando.StreetTreesFoundationKitTests;
				PRODUCT_NAME = "$(TARGET_NAME)";
				TEST_HOST = "$(BUILT_PRODUCTS_DIR)/Street Trees.app/Street Trees";
			};
			name = Debug;
		};
		D45F07E41D02614A0025F8F0 /* Release */ = {
			isa = XCBuildConfiguration;
			buildSettings = {
				INFOPLIST_FILE = StreetTreesFoundationKitTests/Info.plist;
				LD_RUNPATH_SEARCH_PATHS = "$(inherited) @executable_path/Frameworks @loader_path/Frameworks";
				PRODUCT_BUNDLE_IDENTIFIER = com.CodeForOrlando.StreetTreesFoundationKitTests;
				PRODUCT_NAME = "$(TARGET_NAME)";
				TEST_HOST = "$(BUILT_PRODUCTS_DIR)/Street Trees.app/Street Trees";
			};
			name = Release;
		};
/* End XCBuildConfiguration section */

/* Begin XCConfigurationList section */
		D45F073A1D0258320025F8F0 /* Build configuration list for PBXProject "Street Trees" */ = {
			isa = XCConfigurationList;
			buildConfigurations = (
				D45F07681D0258320025F8F0 /* Debug */,
				D45F07691D0258320025F8F0 /* Release */,
			);
			defaultConfigurationIsVisible = 0;
			defaultConfigurationName = Release;
		};
		D45F076A1D0258320025F8F0 /* Build configuration list for PBXNativeTarget "Street Trees" */ = {
			isa = XCConfigurationList;
			buildConfigurations = (
				D45F076B1D0258320025F8F0 /* Debug */,
				D45F076C1D0258320025F8F0 /* Release */,
			);
			defaultConfigurationIsVisible = 0;
			defaultConfigurationName = Release;
		};
		D45F076D1D0258320025F8F0 /* Build configuration list for PBXNativeTarget "Street TreesTests" */ = {
			isa = XCConfigurationList;
			buildConfigurations = (
				D45F076E1D0258320025F8F0 /* Debug */,
				D45F076F1D0258320025F8F0 /* Release */,
			);
			defaultConfigurationIsVisible = 0;
			defaultConfigurationName = Release;
		};
		D45F07701D0258320025F8F0 /* Build configuration list for PBXNativeTarget "Street TreesUITests" */ = {
			isa = XCConfigurationList;
			buildConfigurations = (
				D45F07711D0258320025F8F0 /* Debug */,
				D45F07721D0258320025F8F0 /* Release */,
			);
			defaultConfigurationIsVisible = 0;
			defaultConfigurationName = Release;
		};
		D45F07921D0260B00025F8F0 /* Build configuration list for PBXNativeTarget "StreetTreesTransportKit" */ = {
			isa = XCConfigurationList;
			buildConfigurations = (
				D45F07931D0260B00025F8F0 /* Debug */,
				D45F07941D0260B00025F8F0 /* Release */,
			);
			defaultConfigurationIsVisible = 0;
			defaultConfigurationName = Release;
		};
		D45F07961D0260B00025F8F0 /* Build configuration list for PBXNativeTarget "StreetTreesTransportKitTests" */ = {
			isa = XCConfigurationList;
			buildConfigurations = (
				D45F07971D0260B00025F8F0 /* Debug */,
				D45F07981D0260B00025F8F0 /* Release */,
			);
			defaultConfigurationIsVisible = 0;
			defaultConfigurationName = Release;
		};
		D45F07B51D0260CA0025F8F0 /* Build configuration list for PBXNativeTarget "StreetTreesPersistentKit" */ = {
			isa = XCConfigurationList;
			buildConfigurations = (
				D45F07B61D0260CA0025F8F0 /* Debug */,
				D45F07B71D0260CA0025F8F0 /* Release */,
			);
			defaultConfigurationIsVisible = 0;
			defaultConfigurationName = Release;
		};
		D45F07B81D0260CA0025F8F0 /* Build configuration list for PBXNativeTarget "StreetTreesPersistentKitTests" */ = {
			isa = XCConfigurationList;
			buildConfigurations = (
				D45F07B91D0260CA0025F8F0 /* Debug */,
				D45F07BA1D0260CA0025F8F0 /* Release */,
			);
			defaultConfigurationIsVisible = 0;
			defaultConfigurationName = Release;
		};
		D45F07DF1D02614A0025F8F0 /* Build configuration list for PBXNativeTarget "StreetTreesFoundationKit" */ = {
			isa = XCConfigurationList;
			buildConfigurations = (
				D45F07E01D02614A0025F8F0 /* Debug */,
				D45F07E11D02614A0025F8F0 /* Release */,
			);
			defaultConfigurationIsVisible = 0;
			defaultConfigurationName = Release;
		};
		D45F07E21D02614A0025F8F0 /* Build configuration list for PBXNativeTarget "StreetTreesFoundationKitTests" */ = {
			isa = XCConfigurationList;
			buildConfigurations = (
				D45F07E31D02614A0025F8F0 /* Debug */,
				D45F07E41D02614A0025F8F0 /* Release */,
			);
			defaultConfigurationIsVisible = 0;
			defaultConfigurationName = Release;
		};
/* End XCConfigurationList section */

/* Begin XCVersionGroup section */
		D4B543561D0322BB0000CBFF /* STPKModel.xcdatamodeld */ = {
			isa = XCVersionGroup;
			children = (
				D4B543571D0322BB0000CBFF /* STPKModel.xcdatamodel */,
			);
			currentVersion = D4B543571D0322BB0000CBFF /* STPKModel.xcdatamodel */;
			path = STPKModel.xcdatamodeld;
			sourceTree = "<group>";
			versionGroupType = wrapper.xcdatamodel;
		};
/* End XCVersionGroup section */
	};
	rootObject = D45F07371D0258320025F8F0 /* Project object */;
}
